{
  "pins" : [
    {
      "identity" : "csv.swift",
      "kind" : "remoteSourceControl",
      "location" : "git@github.com:yaslab/CSV.swift.git",
      "state" : {
        "revision" : "81d2874c51db364d7e1d71b0d99018a294c87ac1",
        "version" : "2.4.3"
      }
    },
    {
      "identity" : "peakswift",
      "kind" : "remoteSourceControl",
      "location" : "https://github.com/CardioKit/PeakSwift",
      "state" : {
        "branch" : "main",
        "revision" : "79a8137181a428e9799391aa3866126c0c33ea34"
      }
    },
    {
      "identity" : "surge",
      "kind" : "remoteSourceControl",
      "location" : "https://github.com/Jounce/Surge.git",
      "state" : {
        "revision" : "6e4a47e63da8801afe6188cf039e9f04eb577721",
        "version" : "2.3.2"
      }
    }
  ],
  "version" : 2
}
