// !$*UTF8*$!
{
	archiveVersion = 1;
	classes = {
	};
	objectVersion = 56;
	objects = {

/* Begin PBXBuildFile section */
		111AD9F92A782EC200A73AD3 /* ExportError.swift in Sources */ = {isa = PBXBuildFile; fileRef = 111AD9F82A782EC200A73AD3 /* ExportError.swift */; };
		114BB1462A729D760079956A /* ECGChartPreviewView.swift in Sources */ = {isa = PBXBuildFile; fileRef = 114BB1452A729D760079956A /* ECGChartPreviewView.swift */; };
		114BB1482A72D88A0079956A /* VoltageViewModel.swift in Sources */ = {isa = PBXBuildFile; fileRef = 114BB1472A72D88A0079956A /* VoltageViewModel.swift */; };
		114BB14A2A72DA980079956A /* VoltageMeasurement.swift in Sources */ = {isa = PBXBuildFile; fileRef = 114BB1492A72DA980079956A /* VoltageMeasurement.swift */; };
		114BB14E2A7450D60079956A /* AlgorithmViewModel.swift in Sources */ = {isa = PBXBuildFile; fileRef = 114BB14D2A7450D60079956A /* AlgorithmViewModel.swift */; };
		114C258F2A5C793400CB6F01 /* ECGAlgorithmSheetView.swift in Sources */ = {isa = PBXBuildFile; fileRef = 114C258E2A5C793400CB6F01 /* ECGAlgorithmSheetView.swift */; };
		114C25912A5C7D5F00CB6F01 /* SettingsButtonView.swift in Sources */ = {isa = PBXBuildFile; fileRef = 114C25902A5C7D5F00CB6F01 /* SettingsButtonView.swift */; };
		114DA37F2A80D3B000186277 /* AllECGExportDTO.swift in Sources */ = {isa = PBXBuildFile; fileRef = 114DA37E2A80D3B000186277 /* AllECGExportDTO.swift */; };
		114DA3832A80EBB900186277 /* FileExportable.swift in Sources */ = {isa = PBXBuildFile; fileRef = 114DA3822A80EBB900186277 /* FileExportable.swift */; };
		1153CDB72A753B23008E209C /* DurationExtension.swift in Sources */ = {isa = PBXBuildFile; fileRef = 1153CDB62A753B23008E209C /* DurationExtension.swift */; };
		1153CDB92A755413008E209C /* ECGSingleAlgorithmPerformanceView.swift in Sources */ = {isa = PBXBuildFile; fileRef = 1153CDB82A755412008E209C /* ECGSingleAlgorithmPerformanceView.swift */; };
		1153CDBB2A7690FC008E209C /* Colors.swift in Sources */ = {isa = PBXBuildFile; fileRef = 1153CDBA2A7690FC008E209C /* Colors.swift */; };
		1153CDBD2A769401008E209C /* RoundedBackgroundModifier.swift in Sources */ = {isa = PBXBuildFile; fileRef = 1153CDBC2A769401008E209C /* RoundedBackgroundModifier.swift */; };
		115707FE2A599A7B004D31F5 /* ECGSingleAlgorithmDetailView.swift in Sources */ = {isa = PBXBuildFile; fileRef = 115707FD2A599A7B004D31F5 /* ECGSingleAlgorithmDetailView.swift */; };
		115708002A59ADA1004D31F5 /* HomeScreen.swift in Sources */ = {isa = PBXBuildFile; fileRef = 115707FF2A59ADA1004D31F5 /* HomeScreen.swift */; };
		115708032A59BC10004D31F5 /* CardView.swift in Sources */ = {isa = PBXBuildFile; fileRef = 115708022A59BC10004D31F5 /* CardView.swift */; };
		115708092A59C0B7004D31F5 /* GoalView.swift in Sources */ = {isa = PBXBuildFile; fileRef = 115708082A59C0B7004D31F5 /* GoalView.swift */; };
		1157080B2A59C0E0004D31F5 /* FeaturesView.swift in Sources */ = {isa = PBXBuildFile; fileRef = 1157080A2A59C0E0004D31F5 /* FeaturesView.swift */; };
		1157080D2A59C112004D31F5 /* AlgorithmsTagsGridView.swift in Sources */ = {isa = PBXBuildFile; fileRef = 1157080C2A59C112004D31F5 /* AlgorithmsTagsGridView.swift */; };
		1157080F2A59C16D004D31F5 /* ECGNavigationView.swift in Sources */ = {isa = PBXBuildFile; fileRef = 1157080E2A59C16D004D31F5 /* ECGNavigationView.swift */; };
		115708112A59CD3D004D31F5 /* TagContainerView.swift in Sources */ = {isa = PBXBuildFile; fileRef = 115708102A59CD3D004D31F5 /* TagContainerView.swift */; };
		115708132A59CD50004D31F5 /* Tag.swift in Sources */ = {isa = PBXBuildFile; fileRef = 115708122A59CD50004D31F5 /* Tag.swift */; };
		115708152A59CD8F004D31F5 /* TagView.swift in Sources */ = {isa = PBXBuildFile; fileRef = 115708142A59CD8F004D31F5 /* TagView.swift */; };
		115708172A59E700004D31F5 /* TagUtils.swift in Sources */ = {isa = PBXBuildFile; fileRef = 115708162A59E700004D31F5 /* TagUtils.swift */; };
		115708192A59E7B9004D31F5 /* Constants.swift in Sources */ = {isa = PBXBuildFile; fileRef = 115708182A59E7B9004D31F5 /* Constants.swift */; };
		1157081B2A59F0BE004D31F5 /* ECGFoundView.swift in Sources */ = {isa = PBXBuildFile; fileRef = 1157081A2A59F0BE004D31F5 /* ECGFoundView.swift */; };
		1157081D2A59F121004D31F5 /* ECGNotFoundView.swift in Sources */ = {isa = PBXBuildFile; fileRef = 1157081C2A59F121004D31F5 /* ECGNotFoundView.swift */; };
		115708202A5A03E4004D31F5 /* PrimaryButtonStyle.swift in Sources */ = {isa = PBXBuildFile; fileRef = 1157081F2A5A03E3004D31F5 /* PrimaryButtonStyle.swift */; };
		115708222A5A0F98004D31F5 /* HeaderViewModifier.swift in Sources */ = {isa = PBXBuildFile; fileRef = 115708212A5A0F98004D31F5 /* HeaderViewModifier.swift */; };
		11589A922A7FEFD900CC6E97 /* ExportView.swift in Sources */ = {isa = PBXBuildFile; fileRef = 11589A912A7FEFD900CC6E97 /* ExportView.swift */; };
		11589A942A7FF06000CC6E97 /* GlobalExportButtonView.swift in Sources */ = {isa = PBXBuildFile; fileRef = 11589A932A7FF06000CC6E97 /* GlobalExportButtonView.swift */; };
		11589A962A7FF1C100CC6E97 /* ExportInMemoryViewModel.swift in Sources */ = {isa = PBXBuildFile; fileRef = 11589A952A7FF1C100CC6E97 /* ExportInMemoryViewModel.swift */; };
		11597A8F2A5DE6F800E71A0D /* InfoButtonView.swift in Sources */ = {isa = PBXBuildFile; fileRef = 11597A8E2A5DE6F800E71A0D /* InfoButtonView.swift */; };
		115A91862A863B4E00650C62 /* AlgorithmsChartLegendView.swift in Sources */ = {isa = PBXBuildFile; fileRef = 115A91852A863B4E00650C62 /* AlgorithmsChartLegendView.swift */; };
		115A91882A8656A300650C62 /* ContainerView.swift in Sources */ = {isa = PBXBuildFile; fileRef = 115A91872A8656A300650C62 /* ContainerView.swift */; };
		115A918A2A865CB000650C62 /* ContainerItemView.swift in Sources */ = {isa = PBXBuildFile; fileRef = 115A91892A865CB000650C62 /* ContainerItemView.swift */; };
		115A918C2A86649000650C62 /* TagContainerItemView.swift in Sources */ = {isa = PBXBuildFile; fileRef = 115A918B2A86649000650C62 /* TagContainerItemView.swift */; };
		115A918E2A8666CC00650C62 /* LegendContainerItemView.swift in Sources */ = {isa = PBXBuildFile; fileRef = 115A918D2A8666CC00650C62 /* LegendContainerItemView.swift */; };
		1160186B2A7509EC00A7CE7A /* ECGAlgorithmPerformanceView.swift in Sources */ = {isa = PBXBuildFile; fileRef = 1160186A2A7509EC00A7CE7A /* ECGAlgorithmPerformanceView.swift */; };
		1160CEAE2A5F040100BE5867 /* FeatureRow.swift in Sources */ = {isa = PBXBuildFile; fileRef = 1160CEAD2A5F040100BE5867 /* FeatureRow.swift */; };
		1160CEB02A5F0F7700BE5867 /* ECGSource.swift in Sources */ = {isa = PBXBuildFile; fileRef = 1160CEAF2A5F0F7700BE5867 /* ECGSource.swift */; };
		1160CEB32A5F10D400BE5867 /* ECGRowHeader.swift in Sources */ = {isa = PBXBuildFile; fileRef = 1160CEB22A5F10D400BE5867 /* ECGRowHeader.swift */; };
		1160CEB52A5F11DA00BE5867 /* ECGRowDetailsView.swift in Sources */ = {isa = PBXBuildFile; fileRef = 1160CEB42A5F11DA00BE5867 /* ECGRowDetailsView.swift */; };
		1160CEB72A5F1F9E00BE5867 /* ToolbarView.swift in Sources */ = {isa = PBXBuildFile; fileRef = 1160CEB62A5F1F9E00BE5867 /* ToolbarView.swift */; };
		11632E782A867EBB006CE5BA /* ECGQuality.swift in Sources */ = {isa = PBXBuildFile; fileRef = 11632E772A867EBB006CE5BA /* ECGQuality.swift */; };
		11632E7C2A8682B9006CE5BA /* ECGQualityListView.swift in Sources */ = {isa = PBXBuildFile; fileRef = 11632E7B2A8682B9006CE5BA /* ECGQualityListView.swift */; };
		11632E7E2A8682CD006CE5BA /* ECGQualityRowView.swift in Sources */ = {isa = PBXBuildFile; fileRef = 11632E7D2A8682CD006CE5BA /* ECGQualityRowView.swift */; };
		11632E802A868584006CE5BA /* ECGQualityRatingExtension.swift in Sources */ = {isa = PBXBuildFile; fileRef = 11632E7F2A868584006CE5BA /* ECGQualityRatingExtension.swift */; };
		11632E822A8685D7006CE5BA /* ECGQualityAlgortihmsExtension.swift in Sources */ = {isa = PBXBuildFile; fileRef = 11632E812A8685D7006CE5BA /* ECGQualityAlgortihmsExtension.swift */; };
		116369C42B038D4700DF7C82 /* ExportableViewModel.swift in Sources */ = {isa = PBXBuildFile; fileRef = 116369C32B038D4700DF7C82 /* ExportableViewModel.swift */; };
		116369C62B03962400DF7C82 /* ExportStreamViewModel.swift in Sources */ = {isa = PBXBuildFile; fileRef = 116369C52B03962400DF7C82 /* ExportStreamViewModel.swift */; };
		116369C92B03970100DF7C82 /* ImportStream.swift in Sources */ = {isa = PBXBuildFile; fileRef = 116369C82B03970100DF7C82 /* ImportStream.swift */; };
		116369CB2B03971800DF7C82 /* ExportStream.swift in Sources */ = {isa = PBXBuildFile; fileRef = 116369CA2B03971800DF7C82 /* ExportStream.swift */; };
		116369CD2B0399E100DF7C82 /* CSVImportStream.swift in Sources */ = {isa = PBXBuildFile; fileRef = 116369CC2B0399E100DF7C82 /* CSVImportStream.swift */; };
		116369D22B03B70300DF7C82 /* JSONExportStream.swift in Sources */ = {isa = PBXBuildFile; fileRef = 116369D12B03B70300DF7C82 /* JSONExportStream.swift */; };
		11671E5F2A5BFEA800C3A913 /* FeatureCardView.swift in Sources */ = {isa = PBXBuildFile; fileRef = 11671E5E2A5BFEA800C3A913 /* FeatureCardView.swift */; };
		11671E612A5C275100C3A913 /* Feature.swift in Sources */ = {isa = PBXBuildFile; fileRef = 11671E602A5C275100C3A913 /* Feature.swift */; };
		116D60522A8261C500EB7D9C /* DeviceDataUtils.swift in Sources */ = {isa = PBXBuildFile; fileRef = 116D60512A8261C500EB7D9C /* DeviceDataUtils.swift */; };
		116E63B82A586F9C00A0C6F4 /* ECGChartView.swift in Sources */ = {isa = PBXBuildFile; fileRef = 116E63B72A586F9C00A0C6F4 /* ECGChartView.swift */; };
		117355012A778988000C7F6A /* ExportButtonView.swift in Sources */ = {isa = PBXBuildFile; fileRef = 117355002A778988000C7F6A /* ExportButtonView.swift */; };
		117355042A778C00000C7F6A /* ECGExportDTO.swift in Sources */ = {isa = PBXBuildFile; fileRef = 117355032A778C00000C7F6A /* ECGExportDTO.swift */; };
		117355062A778C37000C7F6A /* ECGInformationDTO.swift in Sources */ = {isa = PBXBuildFile; fileRef = 117355052A778C37000C7F6A /* ECGInformationDTO.swift */; };
		117355082A778C73000C7F6A /* ECGAppleMetaDataDTO.swift in Sources */ = {isa = PBXBuildFile; fileRef = 117355072A778C73000C7F6A /* ECGAppleMetaDataDTO.swift */; };
		1173550A2A778D10000C7F6A /* QRSResultByAlgorithm.swift in Sources */ = {isa = PBXBuildFile; fileRef = 117355092A778D10000C7F6A /* QRSResultByAlgorithm.swift */; };
		1173550C2A778D7B000C7F6A /* RPeaksDTO.swift in Sources */ = {isa = PBXBuildFile; fileRef = 1173550B2A778D7B000C7F6A /* RPeaksDTO.swift */; };
		1173550E2A778E86000C7F6A /* SignalQualityDTO.swift in Sources */ = {isa = PBXBuildFile; fileRef = 1173550D2A778E85000C7F6A /* SignalQualityDTO.swift */; };
		117355142A78266D000C7F6A /* RuntimeDTO.swift in Sources */ = {isa = PBXBuildFile; fileRef = 117355132A78266D000C7F6A /* RuntimeDTO.swift */; };
		117355172A782B25000C7F6A /* JSONError.swift in Sources */ = {isa = PBXBuildFile; fileRef = 117355162A782B25000C7F6A /* JSONError.swift */; };
		11B3C9D22A5C4C2A00EF0555 /* SettingsView.swift in Sources */ = {isa = PBXBuildFile; fileRef = 11B3C9D12A5C4C2A00EF0555 /* SettingsView.swift */; };
		11B3C9D42A5C5BB600EF0555 /* UserSettingsViewModel.swift in Sources */ = {isa = PBXBuildFile; fileRef = 11B3C9D32A5C5BB600EF0555 /* UserSettingsViewModel.swift */; };
		11B3C9D72A5C5CB800EF0555 /* AlgorithmSelectable.swift in Sources */ = {isa = PBXBuildFile; fileRef = 11B3C9D62A5C5CB800EF0555 /* AlgorithmSelectable.swift */; };
		11B52BFF2A78ED44004AE7B1 /* ECGRecordedButton.swift in Sources */ = {isa = PBXBuildFile; fileRef = 11B52BFE2A78ED44004AE7B1 /* ECGRecordedButton.swift */; };
		11B52C012A790B46004AE7B1 /* ECGExportDTOHelper.swift in Sources */ = {isa = PBXBuildFile; fileRef = 11B52C002A790B46004AE7B1 /* ECGExportDTOHelper.swift */; };
		11B70C162A811F5B00D6BC8B /* LoadingLogo.swift in Sources */ = {isa = PBXBuildFile; fileRef = 11B70C152A811F5B00D6BC8B /* LoadingLogo.swift */; };
		11B70C182A81354800D6BC8B /* ExportProgressView.swift in Sources */ = {isa = PBXBuildFile; fileRef = 11B70C172A81354800D6BC8B /* ExportProgressView.swift */; };
		11B70C1A2A813DA800D6BC8B /* ReportView.swift in Sources */ = {isa = PBXBuildFile; fileRef = 11B70C192A813DA800D6BC8B /* ReportView.swift */; };
		11B70C1C2A81405B00D6BC8B /* CardWithHeader.swift in Sources */ = {isa = PBXBuildFile; fileRef = 11B70C1B2A81405B00D6BC8B /* CardWithHeader.swift */; };
		11C793C12B027B0F00FEF38E /* ECGImportDTO.swift in Sources */ = {isa = PBXBuildFile; fileRef = 11C793C02B027B0F00FEF38E /* ECGImportDTO.swift */; };
		11C793C32B027B6200FEF38E /* ExternalDataSetDTO.swift in Sources */ = {isa = PBXBuildFile; fileRef = 11C793C22B027B6200FEF38E /* ExternalDataSetDTO.swift */; };
		11C793C52B027BB700FEF38E /* ECGImportDTOHelper.swift in Sources */ = {isa = PBXBuildFile; fileRef = 11C793C42B027BB700FEF38E /* ECGImportDTOHelper.swift */; };
		11C793C92B027D8700FEF38E /* ImportButtonView.swift in Sources */ = {isa = PBXBuildFile; fileRef = 11C793C82B027D8700FEF38E /* ImportButtonView.swift */; };
		11C793CC2B02814E00FEF38E /* ImportView.swift in Sources */ = {isa = PBXBuildFile; fileRef = 11C793CB2B02814E00FEF38E /* ImportView.swift */; };
		11C793CE2B02843400FEF38E /* ImportViewModel.swift in Sources */ = {isa = PBXBuildFile; fileRef = 11C793CD2B02843400FEF38E /* ImportViewModel.swift */; };
		11C793D02B028B7500FEF38E /* HKECG.swift in Sources */ = {isa = PBXBuildFile; fileRef = 11C793CF2B028B7500FEF38E /* HKECG.swift */; };
		11E49F392B03FDBA007275CA /* ImportError.swift in Sources */ = {isa = PBXBuildFile; fileRef = 11E49F382B03FDBA007275CA /* ImportError.swift */; };
		11E49F3B2B04052A007275CA /* FileNameHelper.swift in Sources */ = {isa = PBXBuildFile; fileRef = 11E49F3A2B04052A007275CA /* FileNameHelper.swift */; };
		172871292A37B0D800507869 /* TagViewModifier.swift in Sources */ = {isa = PBXBuildFile; fileRef = 172871282A37B0D800507869 /* TagViewModifier.swift */; };
		1728712B2A37B1E600507869 /* ECGAlgorithmSectionView.swift in Sources */ = {isa = PBXBuildFile; fileRef = 1728712A2A37B1E600507869 /* ECGAlgorithmSectionView.swift */; };
		1728712D2A37B28C00507869 /* ECGSignalView.swift in Sources */ = {isa = PBXBuildFile; fileRef = 1728712C2A37B28C00507869 /* ECGSignalView.swift */; };
		173C05342A31C15F00D3E786 /* PeakWatchApp.swift in Sources */ = {isa = PBXBuildFile; fileRef = 173C05332A31C15F00D3E786 /* PeakWatchApp.swift */; };
		173C05362A31C15F00D3E786 /* ContentView.swift in Sources */ = {isa = PBXBuildFile; fileRef = 173C05352A31C15F00D3E786 /* ContentView.swift */; };
		173C05382A31C16100D3E786 /* Assets.xcassets in Resources */ = {isa = PBXBuildFile; fileRef = 173C05372A31C16100D3E786 /* Assets.xcassets */; };
		173C053B2A31C16100D3E786 /* Preview Assets.xcassets in Resources */ = {isa = PBXBuildFile; fileRef = 173C053A2A31C16100D3E786 /* Preview Assets.xcassets */; };
		173C05452A31C16200D3E786 /* PeakWatchTests.swift in Sources */ = {isa = PBXBuildFile; fileRef = 173C05442A31C16200D3E786 /* PeakWatchTests.swift */; };
		173C054F2A31C16200D3E786 /* PeakWatchUITests.swift in Sources */ = {isa = PBXBuildFile; fileRef = 173C054E2A31C16200D3E786 /* PeakWatchUITests.swift */; };
		173C05512A31C16200D3E786 /* PeakWatchUITestsLaunchTests.swift in Sources */ = {isa = PBXBuildFile; fileRef = 173C05502A31C16200D3E786 /* PeakWatchUITestsLaunchTests.swift */; };
		179438D42A31E23200616B9B /* ECGListView.swift in Sources */ = {isa = PBXBuildFile; fileRef = 179438D32A31E23200616B9B /* ECGListView.swift */; };
		179438D62A31E42400616B9B /* ECGRowView.swift in Sources */ = {isa = PBXBuildFile; fileRef = 179438D52A31E42400616B9B /* ECGRowView.swift */; };
		179438D92A31E4CC00616B9B /* ECGViewModel.swift in Sources */ = {isa = PBXBuildFile; fileRef = 179438D82A31E4CC00616B9B /* ECGViewModel.swift */; };
		179438E02A31F47700616B9B /* ECGSample.swift in Sources */ = {isa = PBXBuildFile; fileRef = 179438DF2A31F47700616B9B /* ECGSample.swift */; };
		179438E32A32422A00616B9B /* DateUtils.swift in Sources */ = {isa = PBXBuildFile; fileRef = 179438E22A32422A00616B9B /* DateUtils.swift */; };
		17A759432A349282001B5E7D /* VoltageMeasurementWithPeak.swift in Sources */ = {isa = PBXBuildFile; fileRef = 17A759422A349282001B5E7D /* VoltageMeasurementWithPeak.swift */; };
		17A82BEC2A3725BB00873DF7 /* Algorithms.swift in Sources */ = {isa = PBXBuildFile; fileRef = 17A82BEB2A3725BB00873DF7 /* Algorithms.swift */; };
		17A82BEE2A3767F200873DF7 /* AlgorithmSelectionView.swift in Sources */ = {isa = PBXBuildFile; fileRef = 17A82BED2A3767F200873DF7 /* AlgorithmSelectionView.swift */; };
		17BF565F2A3332E600FF42D5 /* HKClassificationExtension.swift in Sources */ = {isa = PBXBuildFile; fileRef = 17BF565E2A3332E600FF42D5 /* HKClassificationExtension.swift */; };
		17BF56622A3336FD00FF42D5 /* SecondaryInfoListRowViewModifier.swift in Sources */ = {isa = PBXBuildFile; fileRef = 17BF56612A3336FD00FF42D5 /* SecondaryInfoListRowViewModifier.swift */; };
		17BF56642A33479800FF42D5 /* ECGDetailView.swift in Sources */ = {isa = PBXBuildFile; fileRef = 17BF56632A33479800FF42D5 /* ECGDetailView.swift */; };
		17CACAF32A4C5AC00061576F /* ECGSingleAlgorithmSelectionView.swift in Sources */ = {isa = PBXBuildFile; fileRef = 17CACAF22A4C5AC00061576F /* ECGSingleAlgorithmSelectionView.swift */; };
		17CACAF52A4C5E670061576F /* ECGSingleAlgorithmChartView.swift in Sources */ = {isa = PBXBuildFile; fileRef = 17CACAF42A4C5E670061576F /* ECGSingleAlgorithmChartView.swift */; };
		503EF3702B0415B7000E26C0 /* CSV in Frameworks */ = {isa = PBXBuildFile; productRef = 503EF36F2B0415B7000E26C0 /* CSV */; };
		504710B12A94EB3200E5F626 /* PeakSwift in Frameworks */ = {isa = PBXBuildFile; productRef = 504710B02A94EB3200E5F626 /* PeakSwift */; };
		50D5922B2A5EF924006A7897 /* InfoSheetViewModel.swift in Sources */ = {isa = PBXBuildFile; fileRef = 50D5922A2A5EF923006A7897 /* InfoSheetViewModel.swift */; };
/* End PBXBuildFile section */

/* Begin PBXContainerItemProxy section */
		173C05412A31C16200D3E786 /* PBXContainerItemProxy */ = {
			isa = PBXContainerItemProxy;
			containerPortal = 173C05282A31C15F00D3E786 /* Project object */;
			proxyType = 1;
			remoteGlobalIDString = 173C052F2A31C15F00D3E786;
			remoteInfo = PeakWatch;
		};
		173C054B2A31C16200D3E786 /* PBXContainerItemProxy */ = {
			isa = PBXContainerItemProxy;
			containerPortal = 173C05282A31C15F00D3E786 /* Project object */;
			proxyType = 1;
			remoteGlobalIDString = 173C052F2A31C15F00D3E786;
			remoteInfo = PeakWatch;
		};
/* End PBXContainerItemProxy section */

/* Begin PBXFileReference section */
		111AD9F82A782EC200A73AD3 /* ExportError.swift */ = {isa = PBXFileReference; lastKnownFileType = sourcecode.swift; path = ExportError.swift; sourceTree = "<group>"; };
		114BB1452A729D760079956A /* ECGChartPreviewView.swift */ = {isa = PBXFileReference; lastKnownFileType = sourcecode.swift; path = ECGChartPreviewView.swift; sourceTree = "<group>"; };
		114BB1472A72D88A0079956A /* VoltageViewModel.swift */ = {isa = PBXFileReference; lastKnownFileType = sourcecode.swift; path = VoltageViewModel.swift; sourceTree = "<group>"; };
		114BB1492A72DA980079956A /* VoltageMeasurement.swift */ = {isa = PBXFileReference; lastKnownFileType = sourcecode.swift; path = VoltageMeasurement.swift; sourceTree = "<group>"; };
		114BB14D2A7450D60079956A /* AlgorithmViewModel.swift */ = {isa = PBXFileReference; lastKnownFileType = sourcecode.swift; path = AlgorithmViewModel.swift; sourceTree = "<group>"; };
		114C258E2A5C793400CB6F01 /* ECGAlgorithmSheetView.swift */ = {isa = PBXFileReference; lastKnownFileType = sourcecode.swift; path = ECGAlgorithmSheetView.swift; sourceTree = "<group>"; };
		114C25902A5C7D5F00CB6F01 /* SettingsButtonView.swift */ = {isa = PBXFileReference; lastKnownFileType = sourcecode.swift; path = SettingsButtonView.swift; sourceTree = "<group>"; };
		114DA37E2A80D3B000186277 /* AllECGExportDTO.swift */ = {isa = PBXFileReference; lastKnownFileType = sourcecode.swift; path = AllECGExportDTO.swift; sourceTree = "<group>"; };
		114DA3822A80EBB900186277 /* FileExportable.swift */ = {isa = PBXFileReference; lastKnownFileType = sourcecode.swift; path = FileExportable.swift; sourceTree = "<group>"; };
		1153CDB62A753B23008E209C /* DurationExtension.swift */ = {isa = PBXFileReference; lastKnownFileType = sourcecode.swift; path = DurationExtension.swift; sourceTree = "<group>"; };
		1153CDB82A755412008E209C /* ECGSingleAlgorithmPerformanceView.swift */ = {isa = PBXFileReference; lastKnownFileType = sourcecode.swift; path = ECGSingleAlgorithmPerformanceView.swift; sourceTree = "<group>"; };
		1153CDBA2A7690FC008E209C /* Colors.swift */ = {isa = PBXFileReference; lastKnownFileType = sourcecode.swift; path = Colors.swift; sourceTree = "<group>"; };
		1153CDBC2A769401008E209C /* RoundedBackgroundModifier.swift */ = {isa = PBXFileReference; lastKnownFileType = sourcecode.swift; path = RoundedBackgroundModifier.swift; sourceTree = "<group>"; };
		115707FD2A599A7B004D31F5 /* ECGSingleAlgorithmDetailView.swift */ = {isa = PBXFileReference; lastKnownFileType = sourcecode.swift; path = ECGSingleAlgorithmDetailView.swift; sourceTree = "<group>"; };
		115707FF2A59ADA1004D31F5 /* HomeScreen.swift */ = {isa = PBXFileReference; lastKnownFileType = sourcecode.swift; path = HomeScreen.swift; sourceTree = "<group>"; };
		115708022A59BC10004D31F5 /* CardView.swift */ = {isa = PBXFileReference; lastKnownFileType = sourcecode.swift; path = CardView.swift; sourceTree = "<group>"; };
		115708082A59C0B7004D31F5 /* GoalView.swift */ = {isa = PBXFileReference; lastKnownFileType = sourcecode.swift; path = GoalView.swift; sourceTree = "<group>"; };
		1157080A2A59C0E0004D31F5 /* FeaturesView.swift */ = {isa = PBXFileReference; lastKnownFileType = sourcecode.swift; path = FeaturesView.swift; sourceTree = "<group>"; };
		1157080C2A59C112004D31F5 /* AlgorithmsTagsGridView.swift */ = {isa = PBXFileReference; lastKnownFileType = sourcecode.swift; path = AlgorithmsTagsGridView.swift; sourceTree = "<group>"; };
		1157080E2A59C16D004D31F5 /* ECGNavigationView.swift */ = {isa = PBXFileReference; lastKnownFileType = sourcecode.swift; path = ECGNavigationView.swift; sourceTree = "<group>"; };
		115708102A59CD3D004D31F5 /* TagContainerView.swift */ = {isa = PBXFileReference; lastKnownFileType = sourcecode.swift; path = TagContainerView.swift; sourceTree = "<group>"; };
		115708122A59CD50004D31F5 /* Tag.swift */ = {isa = PBXFileReference; lastKnownFileType = sourcecode.swift; path = Tag.swift; sourceTree = "<group>"; };
		115708142A59CD8F004D31F5 /* TagView.swift */ = {isa = PBXFileReference; lastKnownFileType = sourcecode.swift; path = TagView.swift; sourceTree = "<group>"; };
		115708162A59E700004D31F5 /* TagUtils.swift */ = {isa = PBXFileReference; lastKnownFileType = sourcecode.swift; path = TagUtils.swift; sourceTree = "<group>"; };
		115708182A59E7B9004D31F5 /* Constants.swift */ = {isa = PBXFileReference; lastKnownFileType = sourcecode.swift; path = Constants.swift; sourceTree = "<group>"; };
		1157081A2A59F0BE004D31F5 /* ECGFoundView.swift */ = {isa = PBXFileReference; lastKnownFileType = sourcecode.swift; path = ECGFoundView.swift; sourceTree = "<group>"; };
		1157081C2A59F121004D31F5 /* ECGNotFoundView.swift */ = {isa = PBXFileReference; lastKnownFileType = sourcecode.swift; path = ECGNotFoundView.swift; sourceTree = "<group>"; };
		1157081F2A5A03E3004D31F5 /* PrimaryButtonStyle.swift */ = {isa = PBXFileReference; lastKnownFileType = sourcecode.swift; path = PrimaryButtonStyle.swift; sourceTree = "<group>"; };
		115708212A5A0F98004D31F5 /* HeaderViewModifier.swift */ = {isa = PBXFileReference; lastKnownFileType = sourcecode.swift; path = HeaderViewModifier.swift; sourceTree = "<group>"; };
		11589A912A7FEFD900CC6E97 /* ExportView.swift */ = {isa = PBXFileReference; lastKnownFileType = sourcecode.swift; path = ExportView.swift; sourceTree = "<group>"; };
		11589A932A7FF06000CC6E97 /* GlobalExportButtonView.swift */ = {isa = PBXFileReference; lastKnownFileType = sourcecode.swift; path = GlobalExportButtonView.swift; sourceTree = "<group>"; };
		11589A952A7FF1C100CC6E97 /* ExportInMemoryViewModel.swift */ = {isa = PBXFileReference; lastKnownFileType = sourcecode.swift; path = ExportInMemoryViewModel.swift; sourceTree = "<group>"; };
		11597A8E2A5DE6F800E71A0D /* InfoButtonView.swift */ = {isa = PBXFileReference; lastKnownFileType = sourcecode.swift; path = InfoButtonView.swift; sourceTree = "<group>"; };
		115A91852A863B4E00650C62 /* AlgorithmsChartLegendView.swift */ = {isa = PBXFileReference; lastKnownFileType = sourcecode.swift; path = AlgorithmsChartLegendView.swift; sourceTree = "<group>"; };
		115A91872A8656A300650C62 /* ContainerView.swift */ = {isa = PBXFileReference; lastKnownFileType = sourcecode.swift; path = ContainerView.swift; sourceTree = "<group>"; };
		115A91892A865CB000650C62 /* ContainerItemView.swift */ = {isa = PBXFileReference; lastKnownFileType = sourcecode.swift; path = ContainerItemView.swift; sourceTree = "<group>"; };
		115A918B2A86649000650C62 /* TagContainerItemView.swift */ = {isa = PBXFileReference; lastKnownFileType = sourcecode.swift; path = TagContainerItemView.swift; sourceTree = "<group>"; };
		115A918D2A8666CC00650C62 /* LegendContainerItemView.swift */ = {isa = PBXFileReference; lastKnownFileType = sourcecode.swift; path = LegendContainerItemView.swift; sourceTree = "<group>"; };
		1160186A2A7509EC00A7CE7A /* ECGAlgorithmPerformanceView.swift */ = {isa = PBXFileReference; lastKnownFileType = sourcecode.swift; path = ECGAlgorithmPerformanceView.swift; sourceTree = "<group>"; };
		1160CEAD2A5F040100BE5867 /* FeatureRow.swift */ = {isa = PBXFileReference; lastKnownFileType = sourcecode.swift; path = FeatureRow.swift; sourceTree = "<group>"; };
		1160CEAF2A5F0F7700BE5867 /* ECGSource.swift */ = {isa = PBXFileReference; lastKnownFileType = sourcecode.swift; path = ECGSource.swift; sourceTree = "<group>"; };
		1160CEB22A5F10D400BE5867 /* ECGRowHeader.swift */ = {isa = PBXFileReference; lastKnownFileType = sourcecode.swift; path = ECGRowHeader.swift; sourceTree = "<group>"; };
		1160CEB42A5F11DA00BE5867 /* ECGRowDetailsView.swift */ = {isa = PBXFileReference; lastKnownFileType = sourcecode.swift; path = ECGRowDetailsView.swift; sourceTree = "<group>"; };
		1160CEB62A5F1F9E00BE5867 /* ToolbarView.swift */ = {isa = PBXFileReference; lastKnownFileType = sourcecode.swift; path = ToolbarView.swift; sourceTree = "<group>"; };
		11632E772A867EBB006CE5BA /* ECGQuality.swift */ = {isa = PBXFileReference; lastKnownFileType = sourcecode.swift; path = ECGQuality.swift; sourceTree = "<group>"; };
		11632E7B2A8682B9006CE5BA /* ECGQualityListView.swift */ = {isa = PBXFileReference; lastKnownFileType = sourcecode.swift; path = ECGQualityListView.swift; sourceTree = "<group>"; };
		11632E7D2A8682CD006CE5BA /* ECGQualityRowView.swift */ = {isa = PBXFileReference; lastKnownFileType = sourcecode.swift; path = ECGQualityRowView.swift; sourceTree = "<group>"; };
		11632E7F2A868584006CE5BA /* ECGQualityRatingExtension.swift */ = {isa = PBXFileReference; lastKnownFileType = sourcecode.swift; path = ECGQualityRatingExtension.swift; sourceTree = "<group>"; };
		11632E812A8685D7006CE5BA /* ECGQualityAlgortihmsExtension.swift */ = {isa = PBXFileReference; lastKnownFileType = sourcecode.swift; path = ECGQualityAlgortihmsExtension.swift; sourceTree = "<group>"; };
		116369C32B038D4700DF7C82 /* ExportableViewModel.swift */ = {isa = PBXFileReference; lastKnownFileType = sourcecode.swift; path = ExportableViewModel.swift; sourceTree = "<group>"; };
		116369C52B03962400DF7C82 /* ExportStreamViewModel.swift */ = {isa = PBXFileReference; lastKnownFileType = sourcecode.swift; path = ExportStreamViewModel.swift; sourceTree = "<group>"; };
		116369C82B03970100DF7C82 /* ImportStream.swift */ = {isa = PBXFileReference; lastKnownFileType = sourcecode.swift; path = ImportStream.swift; sourceTree = "<group>"; };
		116369CA2B03971800DF7C82 /* ExportStream.swift */ = {isa = PBXFileReference; lastKnownFileType = sourcecode.swift; path = ExportStream.swift; sourceTree = "<group>"; };
		116369CC2B0399E100DF7C82 /* CSVImportStream.swift */ = {isa = PBXFileReference; lastKnownFileType = sourcecode.swift; path = CSVImportStream.swift; sourceTree = "<group>"; };
		116369D12B03B70300DF7C82 /* JSONExportStream.swift */ = {isa = PBXFileReference; lastKnownFileType = sourcecode.swift; path = JSONExportStream.swift; sourceTree = "<group>"; };
		11671E5E2A5BFEA800C3A913 /* FeatureCardView.swift */ = {isa = PBXFileReference; lastKnownFileType = sourcecode.swift; path = FeatureCardView.swift; sourceTree = "<group>"; };
		11671E602A5C275100C3A913 /* Feature.swift */ = {isa = PBXFileReference; lastKnownFileType = sourcecode.swift; path = Feature.swift; sourceTree = "<group>"; };
		116D60512A8261C500EB7D9C /* DeviceDataUtils.swift */ = {isa = PBXFileReference; lastKnownFileType = sourcecode.swift; path = DeviceDataUtils.swift; sourceTree = "<group>"; };
		116E63B72A586F9C00A0C6F4 /* ECGChartView.swift */ = {isa = PBXFileReference; lastKnownFileType = sourcecode.swift; path = ECGChartView.swift; sourceTree = "<group>"; };
		117355002A778988000C7F6A /* ExportButtonView.swift */ = {isa = PBXFileReference; lastKnownFileType = sourcecode.swift; path = ExportButtonView.swift; sourceTree = "<group>"; };
		117355032A778C00000C7F6A /* ECGExportDTO.swift */ = {isa = PBXFileReference; lastKnownFileType = sourcecode.swift; path = ECGExportDTO.swift; sourceTree = "<group>"; };
		117355052A778C37000C7F6A /* ECGInformationDTO.swift */ = {isa = PBXFileReference; lastKnownFileType = sourcecode.swift; path = ECGInformationDTO.swift; sourceTree = "<group>"; };
		117355072A778C73000C7F6A /* ECGAppleMetaDataDTO.swift */ = {isa = PBXFileReference; lastKnownFileType = sourcecode.swift; path = ECGAppleMetaDataDTO.swift; sourceTree = "<group>"; };
		117355092A778D10000C7F6A /* QRSResultByAlgorithm.swift */ = {isa = PBXFileReference; lastKnownFileType = sourcecode.swift; path = QRSResultByAlgorithm.swift; sourceTree = "<group>"; };
		1173550B2A778D7B000C7F6A /* RPeaksDTO.swift */ = {isa = PBXFileReference; lastKnownFileType = sourcecode.swift; path = RPeaksDTO.swift; sourceTree = "<group>"; };
		1173550D2A778E85000C7F6A /* SignalQualityDTO.swift */ = {isa = PBXFileReference; lastKnownFileType = sourcecode.swift; path = SignalQualityDTO.swift; sourceTree = "<group>"; };
		117355132A78266D000C7F6A /* RuntimeDTO.swift */ = {isa = PBXFileReference; lastKnownFileType = sourcecode.swift; path = RuntimeDTO.swift; sourceTree = "<group>"; };
		117355162A782B25000C7F6A /* JSONError.swift */ = {isa = PBXFileReference; lastKnownFileType = sourcecode.swift; path = JSONError.swift; sourceTree = "<group>"; };
		11B3C9D12A5C4C2A00EF0555 /* SettingsView.swift */ = {isa = PBXFileReference; lastKnownFileType = sourcecode.swift; path = SettingsView.swift; sourceTree = "<group>"; };
		11B3C9D32A5C5BB600EF0555 /* UserSettingsViewModel.swift */ = {isa = PBXFileReference; lastKnownFileType = sourcecode.swift; path = UserSettingsViewModel.swift; sourceTree = "<group>"; };
		11B3C9D62A5C5CB800EF0555 /* AlgorithmSelectable.swift */ = {isa = PBXFileReference; lastKnownFileType = sourcecode.swift; path = AlgorithmSelectable.swift; sourceTree = "<group>"; };
		11B52BFE2A78ED44004AE7B1 /* ECGRecordedButton.swift */ = {isa = PBXFileReference; lastKnownFileType = sourcecode.swift; path = ECGRecordedButton.swift; sourceTree = "<group>"; };
		11B52C002A790B46004AE7B1 /* ECGExportDTOHelper.swift */ = {isa = PBXFileReference; lastKnownFileType = sourcecode.swift; path = ECGExportDTOHelper.swift; sourceTree = "<group>"; };
		11B70C152A811F5B00D6BC8B /* LoadingLogo.swift */ = {isa = PBXFileReference; lastKnownFileType = sourcecode.swift; path = LoadingLogo.swift; sourceTree = "<group>"; };
		11B70C172A81354800D6BC8B /* ExportProgressView.swift */ = {isa = PBXFileReference; lastKnownFileType = sourcecode.swift; path = ExportProgressView.swift; sourceTree = "<group>"; };
		11B70C192A813DA800D6BC8B /* ReportView.swift */ = {isa = PBXFileReference; lastKnownFileType = sourcecode.swift; path = ReportView.swift; sourceTree = "<group>"; };
		11B70C1B2A81405B00D6BC8B /* CardWithHeader.swift */ = {isa = PBXFileReference; lastKnownFileType = sourcecode.swift; path = CardWithHeader.swift; sourceTree = "<group>"; };
		11C793C02B027B0F00FEF38E /* ECGImportDTO.swift */ = {isa = PBXFileReference; lastKnownFileType = sourcecode.swift; path = ECGImportDTO.swift; sourceTree = "<group>"; };
		11C793C22B027B6200FEF38E /* ExternalDataSetDTO.swift */ = {isa = PBXFileReference; lastKnownFileType = sourcecode.swift; path = ExternalDataSetDTO.swift; sourceTree = "<group>"; };
		11C793C42B027BB700FEF38E /* ECGImportDTOHelper.swift */ = {isa = PBXFileReference; lastKnownFileType = sourcecode.swift; path = ECGImportDTOHelper.swift; sourceTree = "<group>"; };
		11C793C82B027D8700FEF38E /* ImportButtonView.swift */ = {isa = PBXFileReference; lastKnownFileType = sourcecode.swift; path = ImportButtonView.swift; sourceTree = "<group>"; };
		11C793CB2B02814E00FEF38E /* ImportView.swift */ = {isa = PBXFileReference; lastKnownFileType = sourcecode.swift; path = ImportView.swift; sourceTree = "<group>"; };
		11C793CD2B02843400FEF38E /* ImportViewModel.swift */ = {isa = PBXFileReference; lastKnownFileType = sourcecode.swift; path = ImportViewModel.swift; sourceTree = "<group>"; };
		11C793CF2B028B7500FEF38E /* HKECG.swift */ = {isa = PBXFileReference; lastKnownFileType = sourcecode.swift; path = HKECG.swift; sourceTree = "<group>"; };
		11E49F382B03FDBA007275CA /* ImportError.swift */ = {isa = PBXFileReference; lastKnownFileType = sourcecode.swift; path = ImportError.swift; sourceTree = "<group>"; };
		11E49F3A2B04052A007275CA /* FileNameHelper.swift */ = {isa = PBXFileReference; lastKnownFileType = sourcecode.swift; path = FileNameHelper.swift; sourceTree = "<group>"; };
		172871282A37B0D800507869 /* TagViewModifier.swift */ = {isa = PBXFileReference; lastKnownFileType = sourcecode.swift; path = TagViewModifier.swift; sourceTree = "<group>"; };
		1728712A2A37B1E600507869 /* ECGAlgorithmSectionView.swift */ = {isa = PBXFileReference; lastKnownFileType = sourcecode.swift; path = ECGAlgorithmSectionView.swift; sourceTree = "<group>"; };
		1728712C2A37B28C00507869 /* ECGSignalView.swift */ = {isa = PBXFileReference; lastKnownFileType = sourcecode.swift; path = ECGSignalView.swift; sourceTree = "<group>"; };
		173C05302A31C15F00D3E786 /* PeakWatch.app */ = {isa = PBXFileReference; explicitFileType = wrapper.application; includeInIndex = 0; path = PeakWatch.app; sourceTree = BUILT_PRODUCTS_DIR; };
		173C05332A31C15F00D3E786 /* PeakWatchApp.swift */ = {isa = PBXFileReference; lastKnownFileType = sourcecode.swift; path = PeakWatchApp.swift; sourceTree = "<group>"; };
		173C05352A31C15F00D3E786 /* ContentView.swift */ = {isa = PBXFileReference; lastKnownFileType = sourcecode.swift; path = ContentView.swift; sourceTree = "<group>"; };
		173C05372A31C16100D3E786 /* Assets.xcassets */ = {isa = PBXFileReference; lastKnownFileType = folder.assetcatalog; path = Assets.xcassets; sourceTree = "<group>"; };
		173C053A2A31C16100D3E786 /* Preview Assets.xcassets */ = {isa = PBXFileReference; lastKnownFileType = folder.assetcatalog; path = "Preview Assets.xcassets"; sourceTree = "<group>"; };
		173C05402A31C16200D3E786 /* PeakWatchTests.xctest */ = {isa = PBXFileReference; explicitFileType = wrapper.cfbundle; includeInIndex = 0; path = PeakWatchTests.xctest; sourceTree = BUILT_PRODUCTS_DIR; };
		173C05442A31C16200D3E786 /* PeakWatchTests.swift */ = {isa = PBXFileReference; lastKnownFileType = sourcecode.swift; path = PeakWatchTests.swift; sourceTree = "<group>"; };
		173C054A2A31C16200D3E786 /* PeakWatchUITests.xctest */ = {isa = PBXFileReference; explicitFileType = wrapper.cfbundle; includeInIndex = 0; path = PeakWatchUITests.xctest; sourceTree = BUILT_PRODUCTS_DIR; };
		173C054E2A31C16200D3E786 /* PeakWatchUITests.swift */ = {isa = PBXFileReference; lastKnownFileType = sourcecode.swift; path = PeakWatchUITests.swift; sourceTree = "<group>"; };
		173C05502A31C16200D3E786 /* PeakWatchUITestsLaunchTests.swift */ = {isa = PBXFileReference; lastKnownFileType = sourcecode.swift; path = PeakWatchUITestsLaunchTests.swift; sourceTree = "<group>"; };
		179438D32A31E23200616B9B /* ECGListView.swift */ = {isa = PBXFileReference; lastKnownFileType = sourcecode.swift; path = ECGListView.swift; sourceTree = "<group>"; };
		179438D52A31E42400616B9B /* ECGRowView.swift */ = {isa = PBXFileReference; lastKnownFileType = sourcecode.swift; path = ECGRowView.swift; sourceTree = "<group>"; };
		179438D82A31E4CC00616B9B /* ECGViewModel.swift */ = {isa = PBXFileReference; lastKnownFileType = sourcecode.swift; path = ECGViewModel.swift; sourceTree = "<group>"; };
		179438DD2A31F36800616B9B /* PeakWatch.entitlements */ = {isa = PBXFileReference; lastKnownFileType = text.plist.entitlements; path = PeakWatch.entitlements; sourceTree = "<group>"; };
		179438DF2A31F47700616B9B /* ECGSample.swift */ = {isa = PBXFileReference; lastKnownFileType = sourcecode.swift; path = ECGSample.swift; sourceTree = "<group>"; };
		179438E22A32422A00616B9B /* DateUtils.swift */ = {isa = PBXFileReference; lastKnownFileType = sourcecode.swift; path = DateUtils.swift; sourceTree = "<group>"; };
		17A759422A349282001B5E7D /* VoltageMeasurementWithPeak.swift */ = {isa = PBXFileReference; lastKnownFileType = sourcecode.swift; path = VoltageMeasurementWithPeak.swift; sourceTree = "<group>"; };
		17A82BEB2A3725BB00873DF7 /* Algorithms.swift */ = {isa = PBXFileReference; lastKnownFileType = sourcecode.swift; path = Algorithms.swift; sourceTree = "<group>"; };
		17A82BED2A3767F200873DF7 /* AlgorithmSelectionView.swift */ = {isa = PBXFileReference; lastKnownFileType = sourcecode.swift; path = AlgorithmSelectionView.swift; sourceTree = "<group>"; };
		17BF565E2A3332E600FF42D5 /* HKClassificationExtension.swift */ = {isa = PBXFileReference; lastKnownFileType = sourcecode.swift; path = HKClassificationExtension.swift; sourceTree = "<group>"; };
		17BF56612A3336FD00FF42D5 /* SecondaryInfoListRowViewModifier.swift */ = {isa = PBXFileReference; lastKnownFileType = sourcecode.swift; path = SecondaryInfoListRowViewModifier.swift; sourceTree = "<group>"; };
		17BF56632A33479800FF42D5 /* ECGDetailView.swift */ = {isa = PBXFileReference; lastKnownFileType = sourcecode.swift; path = ECGDetailView.swift; sourceTree = "<group>"; };
		17CACAF22A4C5AC00061576F /* ECGSingleAlgorithmSelectionView.swift */ = {isa = PBXFileReference; lastKnownFileType = sourcecode.swift; path = ECGSingleAlgorithmSelectionView.swift; sourceTree = "<group>"; };
		17CACAF42A4C5E670061576F /* ECGSingleAlgorithmChartView.swift */ = {isa = PBXFileReference; lastKnownFileType = sourcecode.swift; path = ECGSingleAlgorithmChartView.swift; sourceTree = "<group>"; };
		50407ECA2A53001400E17921 /* Info.plist */ = {isa = PBXFileReference; lastKnownFileType = text.plist; path = Info.plist; sourceTree = "<group>"; };
		50D5922A2A5EF923006A7897 /* InfoSheetViewModel.swift */ = {isa = PBXFileReference; fileEncoding = 4; lastKnownFileType = sourcecode.swift; path = InfoSheetViewModel.swift; sourceTree = "<group>"; };
/* End PBXFileReference section */

/* Begin PBXFrameworksBuildPhase section */
		173C052D2A31C15F00D3E786 /* Frameworks */ = {
			isa = PBXFrameworksBuildPhase;
			buildActionMask = 2147483647;
			files = (
				504710B12A94EB3200E5F626 /* PeakSwift in Frameworks */,
				503EF3702B0415B7000E26C0 /* CSV in Frameworks */,
			);
			runOnlyForDeploymentPostprocessing = 0;
		};
		173C053D2A31C16200D3E786 /* Frameworks */ = {
			isa = PBXFrameworksBuildPhase;
			buildActionMask = 2147483647;
			files = (
			);
			runOnlyForDeploymentPostprocessing = 0;
		};
		173C05472A31C16200D3E786 /* Frameworks */ = {
			isa = PBXFrameworksBuildPhase;
			buildActionMask = 2147483647;
			files = (
			);
			runOnlyForDeploymentPostprocessing = 0;
		};
/* End PBXFrameworksBuildPhase section */

/* Begin PBXGroup section */
		115708012A59BBFE004D31F5 /* Shared */ = {
			isa = PBXGroup;
			children = (
				115A918F2A86687F00650C62 /* Container */,
				115708022A59BC10004D31F5 /* CardView.swift */,
				1157080C2A59C112004D31F5 /* AlgorithmsTagsGridView.swift */,
				115708142A59CD8F004D31F5 /* TagView.swift */,
				11B70C1B2A81405B00D6BC8B /* CardWithHeader.swift */,
			);
			path = Shared;
			sourceTree = "<group>";
		};
		115708042A59C07B004D31F5 /* HomeScreen */ = {
			isa = PBXGroup;
			children = (
				115708062A59C095004D31F5 /* HomeScreenSections */,
				115707FF2A59ADA1004D31F5 /* HomeScreen.swift */,
			);
			path = HomeScreen;
			sourceTree = "<group>";
		};
		115708062A59C095004D31F5 /* HomeScreenSections */ = {
			isa = PBXGroup;
			children = (
				11B52BFD2A78ECCA004AE7B1 /* SharedView */,
				11671E5D2A5BFE8100C3A913 /* FeaturesView */,
				115708082A59C0B7004D31F5 /* GoalView.swift */,
				1157080E2A59C16D004D31F5 /* ECGNavigationView.swift */,
				1157081A2A59F0BE004D31F5 /* ECGFoundView.swift */,
				1157081C2A59F121004D31F5 /* ECGNotFoundView.swift */,
			);
			path = HomeScreenSections;
			sourceTree = "<group>";
		};
		1157081E2A5A03C9004D31F5 /* Styles */ = {
			isa = PBXGroup;
			children = (
				1157081F2A5A03E3004D31F5 /* PrimaryButtonStyle.swift */,
			);
			path = Styles;
			sourceTree = "<group>";
		};
		11589A902A7FEFC400CC6E97 /* Export */ = {
			isa = PBXGroup;
			children = (
				11589A912A7FEFD900CC6E97 /* ExportView.swift */,
				11B70C152A811F5B00D6BC8B /* LoadingLogo.swift */,
				11B70C172A81354800D6BC8B /* ExportProgressView.swift */,
				11B70C192A813DA800D6BC8B /* ReportView.swift */,
			);
			path = Export;
			sourceTree = "<group>";
		};
		11597A8D2A5DE6D000E71A0D /* ToolbarView */ = {
			isa = PBXGroup;
			children = (
				11597A8E2A5DE6F800E71A0D /* InfoButtonView.swift */,
				114C25902A5C7D5F00CB6F01 /* SettingsButtonView.swift */,
				1160CEB62A5F1F9E00BE5867 /* ToolbarView.swift */,
				11589A932A7FF06000CC6E97 /* GlobalExportButtonView.swift */,
				11C793C82B027D8700FEF38E /* ImportButtonView.swift */,
			);
			path = ToolbarView;
			sourceTree = "<group>";
		};
		115A918F2A86687F00650C62 /* Container */ = {
			isa = PBXGroup;
			children = (
				115A91872A8656A300650C62 /* ContainerView.swift */,
				115708102A59CD3D004D31F5 /* TagContainerView.swift */,
				115A918B2A86649000650C62 /* TagContainerItemView.swift */,
			);
			path = Container;
			sourceTree = "<group>";
		};
		1160CEB12A5F10B100BE5867 /* ECGRowComponentsView */ = {
			isa = PBXGroup;
			children = (
				1160CEB22A5F10D400BE5867 /* ECGRowHeader.swift */,
				1160CEB42A5F11DA00BE5867 /* ECGRowDetailsView.swift */,
				114BB1452A729D760079956A /* ECGChartPreviewView.swift */,
			);
			path = ECGRowComponentsView;
			sourceTree = "<group>";
		};
		11632E792A86827C006CE5BA /* ECGQSignalQuality */ = {
			isa = PBXGroup;
			children = (
				11632E7B2A8682B9006CE5BA /* ECGQualityListView.swift */,
				11632E7D2A8682CD006CE5BA /* ECGQualityRowView.swift */,
			);
			path = ECGQSignalQuality;
			sourceTree = "<group>";
		};
		116369C72B0396D800DF7C82 /* Streams */ = {
			isa = PBXGroup;
			children = (
				116369CC2B0399E100DF7C82 /* CSVImportStream.swift */,
				116369D12B03B70300DF7C82 /* JSONExportStream.swift */,
			);
			path = Streams;
			sourceTree = "<group>";
		};
		11671E5D2A5BFE8100C3A913 /* FeaturesView */ = {
			isa = PBXGroup;
			children = (
				1157080A2A59C0E0004D31F5 /* FeaturesView.swift */,
				11671E5E2A5BFEA800C3A913 /* FeatureCardView.swift */,
			);
			path = FeaturesView;
			sourceTree = "<group>";
		};
		116E63B42A586B1B00A0C6F4 /* ECGDetailAllAlgorithmsView */ = {
			isa = PBXGroup;
			children = (
				117354FF2A778976000C7F6A /* Toolbar */,
				17BF56632A33479800FF42D5 /* ECGDetailView.swift */,
				17A82BED2A3767F200873DF7 /* AlgorithmSelectionView.swift */,
				1728712A2A37B1E600507869 /* ECGAlgorithmSectionView.swift */,
				1728712C2A37B28C00507869 /* ECGSignalView.swift */,
				114C258E2A5C793400CB6F01 /* ECGAlgorithmSheetView.swift */,
				1160186A2A7509EC00A7CE7A /* ECGAlgorithmPerformanceView.swift */,
			);
			path = ECGDetailAllAlgorithmsView;
			sourceTree = "<group>";
		};
		116E63B52A586B4A00A0C6F4 /* ECGDetailSingleAlgorithmView */ = {
			isa = PBXGroup;
			children = (
				17CACAF22A4C5AC00061576F /* ECGSingleAlgorithmSelectionView.swift */,
				17CACAF42A4C5E670061576F /* ECGSingleAlgorithmChartView.swift */,
				115707FD2A599A7B004D31F5 /* ECGSingleAlgorithmDetailView.swift */,
				1153CDB82A755412008E209C /* ECGSingleAlgorithmPerformanceView.swift */,
			);
			path = ECGDetailSingleAlgorithmView;
			sourceTree = "<group>";
		};
		116E63B62A586BFC00A0C6F4 /* SharedView */ = {
			isa = PBXGroup;
			children = (
				116E63B72A586F9C00A0C6F4 /* ECGChartView.swift */,
				115A91852A863B4E00650C62 /* AlgorithmsChartLegendView.swift */,
				115A918D2A8666CC00650C62 /* LegendContainerItemView.swift */,
			);
			path = SharedView;
			sourceTree = "<group>";
		};
		117354FF2A778976000C7F6A /* Toolbar */ = {
			isa = PBXGroup;
			children = (
				117355002A778988000C7F6A /* ExportButtonView.swift */,
			);
			path = Toolbar;
			sourceTree = "<group>";
		};
		117355022A778BCE000C7F6A /* DTOs */ = {
			isa = PBXGroup;
			children = (
				11C793BF2B027ADD00FEF38E /* ImportDTOs */,
				11C793BE2B027ACE00FEF38E /* ExportDTOs */,
			);
			path = DTOs;
			sourceTree = "<group>";
		};
		117355152A782AD3000C7F6A /* Error */ = {
			isa = PBXGroup;
			children = (
				117355162A782B25000C7F6A /* JSONError.swift */,
				111AD9F82A782EC200A73AD3 /* ExportError.swift */,
				11E49F382B03FDBA007275CA /* ImportError.swift */,
			);
			path = Error;
			sourceTree = "<group>";
		};
		11B3C9D02A5C4C1400EF0555 /* Settings */ = {
			isa = PBXGroup;
			children = (
				11B3C9D12A5C4C2A00EF0555 /* SettingsView.swift */,
			);
			path = Settings;
			sourceTree = "<group>";
		};
		11B3C9D52A5C5C6000EF0555 /* Protocols */ = {
			isa = PBXGroup;
			children = (
				11B3C9D62A5C5CB800EF0555 /* AlgorithmSelectable.swift */,
				114DA3822A80EBB900186277 /* FileExportable.swift */,
				115A91892A865CB000650C62 /* ContainerItemView.swift */,
				116369C32B038D4700DF7C82 /* ExportableViewModel.swift */,
				116369C82B03970100DF7C82 /* ImportStream.swift */,
				116369CA2B03971800DF7C82 /* ExportStream.swift */,
			);
			path = Protocols;
			sourceTree = "<group>";
		};
		11B52BFD2A78ECCA004AE7B1 /* SharedView */ = {
			isa = PBXGroup;
			children = (
				11B52BFE2A78ED44004AE7B1 /* ECGRecordedButton.swift */,
			);
			path = SharedView;
			sourceTree = "<group>";
		};
		11C793BE2B027ACE00FEF38E /* ExportDTOs */ = {
			isa = PBXGroup;
			children = (
				117355032A778C00000C7F6A /* ECGExportDTO.swift */,
				117355052A778C37000C7F6A /* ECGInformationDTO.swift */,
				117355072A778C73000C7F6A /* ECGAppleMetaDataDTO.swift */,
				1173550B2A778D7B000C7F6A /* RPeaksDTO.swift */,
				1173550D2A778E85000C7F6A /* SignalQualityDTO.swift */,
				117355132A78266D000C7F6A /* RuntimeDTO.swift */,
				114DA37E2A80D3B000186277 /* AllECGExportDTO.swift */,
			);
			path = ExportDTOs;
			sourceTree = "<group>";
		};
		11C793BF2B027ADD00FEF38E /* ImportDTOs */ = {
			isa = PBXGroup;
			children = (
				11C793C02B027B0F00FEF38E /* ECGImportDTO.swift */,
				11C793C22B027B6200FEF38E /* ExternalDataSetDTO.swift */,
			);
			path = ImportDTOs;
			sourceTree = "<group>";
		};
		11C793CA2B02813F00FEF38E /* Import */ = {
			isa = PBXGroup;
			children = (
				11C793CB2B02814E00FEF38E /* ImportView.swift */,
			);
			path = Import;
			sourceTree = "<group>";
		};
		1728712E2A37B34000507869 /* ECGDetails */ = {
			isa = PBXGroup;
			children = (
				11632E792A86827C006CE5BA /* ECGQSignalQuality */,
				116E63B62A586BFC00A0C6F4 /* SharedView */,
				116E63B52A586B4A00A0C6F4 /* ECGDetailSingleAlgorithmView */,
				116E63B42A586B1B00A0C6F4 /* ECGDetailAllAlgorithmsView */,
			);
			path = ECGDetails;
			sourceTree = "<group>";
		};
		1728712F2A37B38E00507869 /* ECGList */ = {
			isa = PBXGroup;
			children = (
				1160CEB12A5F10B100BE5867 /* ECGRowComponentsView */,
				11597A8D2A5DE6D000E71A0D /* ToolbarView */,
				179438D32A31E23200616B9B /* ECGListView.swift */,
				179438D52A31E42400616B9B /* ECGRowView.swift */,
			);
			path = ECGList;
			sourceTree = "<group>";
		};
		173C05272A31C15F00D3E786 = {
			isa = PBXGroup;
			children = (
				173C05322A31C15F00D3E786 /* PeakWatch */,
				173C05432A31C16200D3E786 /* PeakWatchTests */,
				173C054D2A31C16200D3E786 /* PeakWatchUITests */,
				173C05312A31C15F00D3E786 /* Products */,
			);
			sourceTree = "<group>";
		};
		173C05312A31C15F00D3E786 /* Products */ = {
			isa = PBXGroup;
			children = (
				173C05302A31C15F00D3E786 /* PeakWatch.app */,
				173C05402A31C16200D3E786 /* PeakWatchTests.xctest */,
				173C054A2A31C16200D3E786 /* PeakWatchUITests.xctest */,
			);
			name = Products;
			sourceTree = "<group>";
		};
		173C05322A31C15F00D3E786 /* PeakWatch */ = {
			isa = PBXGroup;
			children = (
				117355152A782AD3000C7F6A /* Error */,
				11B3C9D52A5C5C6000EF0555 /* Protocols */,
				1157081E2A5A03C9004D31F5 /* Styles */,
				50407ECA2A53001400E17921 /* Info.plist */,
				17BF56602A33364000FF42D5 /* ViewModifiers */,
				17BF565D2A3332B400FF42D5 /* Extension */,
				179438E12A32421500616B9B /* Utils */,
				179438DE2A31F45A00616B9B /* Model */,
				179438DD2A31F36800616B9B /* PeakWatch.entitlements */,
				179438D72A31E48300616B9B /* ViewModel */,
				179438D22A31E13900616B9B /* Views */,
				173C05332A31C15F00D3E786 /* PeakWatchApp.swift */,
				173C05352A31C15F00D3E786 /* ContentView.swift */,
				173C05372A31C16100D3E786 /* Assets.xcassets */,
				173C05392A31C16100D3E786 /* Preview Content */,
			);
			path = PeakWatch;
			sourceTree = "<group>";
		};
		173C05392A31C16100D3E786 /* Preview Content */ = {
			isa = PBXGroup;
			children = (
				173C053A2A31C16100D3E786 /* Preview Assets.xcassets */,
			);
			path = "Preview Content";
			sourceTree = "<group>";
		};
		173C05432A31C16200D3E786 /* PeakWatchTests */ = {
			isa = PBXGroup;
			children = (
				173C05442A31C16200D3E786 /* PeakWatchTests.swift */,
			);
			path = PeakWatchTests;
			sourceTree = "<group>";
		};
		173C054D2A31C16200D3E786 /* PeakWatchUITests */ = {
			isa = PBXGroup;
			children = (
				173C054E2A31C16200D3E786 /* PeakWatchUITests.swift */,
				173C05502A31C16200D3E786 /* PeakWatchUITestsLaunchTests.swift */,
			);
			path = PeakWatchUITests;
			sourceTree = "<group>";
		};
		179438D22A31E13900616B9B /* Views */ = {
			isa = PBXGroup;
			children = (
				11C793CA2B02813F00FEF38E /* Import */,
				11589A902A7FEFC400CC6E97 /* Export */,
				11B3C9D02A5C4C1400EF0555 /* Settings */,
				115708042A59C07B004D31F5 /* HomeScreen */,
				115708012A59BBFE004D31F5 /* Shared */,
				1728712F2A37B38E00507869 /* ECGList */,
				1728712E2A37B34000507869 /* ECGDetails */,
			);
			path = Views;
			sourceTree = "<group>";
		};
		179438D72A31E48300616B9B /* ViewModel */ = {
			isa = PBXGroup;
			children = (
				50D5922A2A5EF923006A7897 /* InfoSheetViewModel.swift */,
				179438D82A31E4CC00616B9B /* ECGViewModel.swift */,
				11B3C9D32A5C5BB600EF0555 /* UserSettingsViewModel.swift */,
				114BB1472A72D88A0079956A /* VoltageViewModel.swift */,
				114BB14D2A7450D60079956A /* AlgorithmViewModel.swift */,
				11589A952A7FF1C100CC6E97 /* ExportInMemoryViewModel.swift */,
				11C793CD2B02843400FEF38E /* ImportViewModel.swift */,
				116369C52B03962400DF7C82 /* ExportStreamViewModel.swift */,
			);
			path = ViewModel;
			sourceTree = "<group>";
		};
		179438DE2A31F45A00616B9B /* Model */ = {
			isa = PBXGroup;
			children = (
				116369C72B0396D800DF7C82 /* Streams */,
				117355022A778BCE000C7F6A /* DTOs */,
				179438DF2A31F47700616B9B /* ECGSample.swift */,
				17A759422A349282001B5E7D /* VoltageMeasurementWithPeak.swift */,
				1160CEAF2A5F0F7700BE5867 /* ECGSource.swift */,
				115708122A59CD50004D31F5 /* Tag.swift */,
				11671E602A5C275100C3A913 /* Feature.swift */,
				1160CEAD2A5F040100BE5867 /* FeatureRow.swift */,
				114BB1492A72DA980079956A /* VoltageMeasurement.swift */,
				117355092A778D10000C7F6A /* QRSResultByAlgorithm.swift */,
				11632E772A867EBB006CE5BA /* ECGQuality.swift */,
				11C793CF2B028B7500FEF38E /* HKECG.swift */,
			);
			path = Model;
			sourceTree = "<group>";
		};
		179438E12A32421500616B9B /* Utils */ = {
			isa = PBXGroup;
			children = (
				179438E22A32422A00616B9B /* DateUtils.swift */,
				115708162A59E700004D31F5 /* TagUtils.swift */,
				115708182A59E7B9004D31F5 /* Constants.swift */,
				1153CDBA2A7690FC008E209C /* Colors.swift */,
				11B52C002A790B46004AE7B1 /* ECGExportDTOHelper.swift */,
				116D60512A8261C500EB7D9C /* DeviceDataUtils.swift */,
				11C793C42B027BB700FEF38E /* ECGImportDTOHelper.swift */,
				11E49F3A2B04052A007275CA /* FileNameHelper.swift */,
			);
			path = Utils;
			sourceTree = "<group>";
		};
		17BF565D2A3332B400FF42D5 /* Extension */ = {
			isa = PBXGroup;
			children = (
				17BF565E2A3332E600FF42D5 /* HKClassificationExtension.swift */,
				17A82BEB2A3725BB00873DF7 /* Algorithms.swift */,
				1153CDB62A753B23008E209C /* DurationExtension.swift */,
				11632E7F2A868584006CE5BA /* ECGQualityRatingExtension.swift */,
				11632E812A8685D7006CE5BA /* ECGQualityAlgortihmsExtension.swift */,
			);
			path = Extension;
			sourceTree = "<group>";
		};
		17BF56602A33364000FF42D5 /* ViewModifiers */ = {
			isa = PBXGroup;
			children = (
				17BF56612A3336FD00FF42D5 /* SecondaryInfoListRowViewModifier.swift */,
				172871282A37B0D800507869 /* TagViewModifier.swift */,
				115708212A5A0F98004D31F5 /* HeaderViewModifier.swift */,
				1153CDBC2A769401008E209C /* RoundedBackgroundModifier.swift */,
			);
			path = ViewModifiers;
			sourceTree = "<group>";
		};
/* End PBXGroup section */

/* Begin PBXNativeTarget section */
		173C052F2A31C15F00D3E786 /* PeakWatch */ = {
			isa = PBXNativeTarget;
			buildConfigurationList = 173C05542A31C16200D3E786 /* Build configuration list for PBXNativeTarget "PeakWatch" */;
			buildPhases = (
				173C052C2A31C15F00D3E786 /* Sources */,
				173C052D2A31C15F00D3E786 /* Frameworks */,
				173C052E2A31C15F00D3E786 /* Resources */,
			);
			buildRules = (
			);
			dependencies = (
			);
			name = PeakWatch;
			packageProductDependencies = (
				504710B02A94EB3200E5F626 /* PeakSwift */,
				503EF36F2B0415B7000E26C0 /* CSV */,
			);
			productName = PeakWatch;
			productReference = 173C05302A31C15F00D3E786 /* PeakWatch.app */;
			productType = "com.apple.product-type.application";
		};
		173C053F2A31C16200D3E786 /* PeakWatchTests */ = {
			isa = PBXNativeTarget;
			buildConfigurationList = 173C05572A31C16200D3E786 /* Build configuration list for PBXNativeTarget "PeakWatchTests" */;
			buildPhases = (
				173C053C2A31C16200D3E786 /* Sources */,
				173C053D2A31C16200D3E786 /* Frameworks */,
				173C053E2A31C16200D3E786 /* Resources */,
			);
			buildRules = (
			);
			dependencies = (
				173C05422A31C16200D3E786 /* PBXTargetDependency */,
			);
			name = PeakWatchTests;
			productName = PeakWatchTests;
			productReference = 173C05402A31C16200D3E786 /* PeakWatchTests.xctest */;
			productType = "com.apple.product-type.bundle.unit-test";
		};
		173C05492A31C16200D3E786 /* PeakWatchUITests */ = {
			isa = PBXNativeTarget;
			buildConfigurationList = 173C055A2A31C16200D3E786 /* Build configuration list for PBXNativeTarget "PeakWatchUITests" */;
			buildPhases = (
				173C05462A31C16200D3E786 /* Sources */,
				173C05472A31C16200D3E786 /* Frameworks */,
				173C05482A31C16200D3E786 /* Resources */,
			);
			buildRules = (
			);
			dependencies = (
				173C054C2A31C16200D3E786 /* PBXTargetDependency */,
			);
			name = PeakWatchUITests;
			productName = PeakWatchUITests;
			productReference = 173C054A2A31C16200D3E786 /* PeakWatchUITests.xctest */;
			productType = "com.apple.product-type.bundle.ui-testing";
		};
/* End PBXNativeTarget section */

/* Begin PBXProject section */
		173C05282A31C15F00D3E786 /* Project object */ = {
			isa = PBXProject;
			attributes = {
				BuildIndependentTargetsInParallel = 1;
				LastSwiftUpdateCheck = 1420;
				LastUpgradeCheck = 1420;
				TargetAttributes = {
					173C052F2A31C15F00D3E786 = {
						CreatedOnToolsVersion = 14.2;
					};
					173C053F2A31C16200D3E786 = {
						CreatedOnToolsVersion = 14.2;
						TestTargetID = 173C052F2A31C15F00D3E786;
					};
					173C05492A31C16200D3E786 = {
						CreatedOnToolsVersion = 14.2;
						TestTargetID = 173C052F2A31C15F00D3E786;
					};
				};
			};
			buildConfigurationList = 173C052B2A31C15F00D3E786 /* Build configuration list for PBXProject "PeakWatch" */;
			compatibilityVersion = "Xcode 14.0";
			developmentRegion = en;
			hasScannedForEncodings = 0;
			knownRegions = (
				en,
				Base,
			);
			mainGroup = 173C05272A31C15F00D3E786;
			packageReferences = (
				504710AF2A94EB3200E5F626 /* XCRemoteSwiftPackageReference "PeakSwift" */,
				503EF36E2B0415B7000E26C0 /* XCRemoteSwiftPackageReference "CSV" */,
			);
			productRefGroup = 173C05312A31C15F00D3E786 /* Products */;
			projectDirPath = "";
			projectRoot = "";
			targets = (
				173C052F2A31C15F00D3E786 /* PeakWatch */,
				173C053F2A31C16200D3E786 /* PeakWatchTests */,
				173C05492A31C16200D3E786 /* PeakWatchUITests */,
			);
		};
/* End PBXProject section */

/* Begin PBXResourcesBuildPhase section */
		173C052E2A31C15F00D3E786 /* Resources */ = {
			isa = PBXResourcesBuildPhase;
			buildActionMask = 2147483647;
			files = (
				173C053B2A31C16100D3E786 /* Preview Assets.xcassets in Resources */,
				173C05382A31C16100D3E786 /* Assets.xcassets in Resources */,
			);
			runOnlyForDeploymentPostprocessing = 0;
		};
		173C053E2A31C16200D3E786 /* Resources */ = {
			isa = PBXResourcesBuildPhase;
			buildActionMask = 2147483647;
			files = (
			);
			runOnlyForDeploymentPostprocessing = 0;
		};
		173C05482A31C16200D3E786 /* Resources */ = {
			isa = PBXResourcesBuildPhase;
			buildActionMask = 2147483647;
			files = (
			);
			runOnlyForDeploymentPostprocessing = 0;
		};
/* End PBXResourcesBuildPhase section */

/* Begin PBXSourcesBuildPhase section */
		173C052C2A31C15F00D3E786 /* Sources */ = {
			isa = PBXSourcesBuildPhase;
			buildActionMask = 2147483647;
			files = (
				173C05362A31C15F00D3E786 /* ContentView.swift in Sources */,
				1173550A2A778D10000C7F6A /* QRSResultByAlgorithm.swift in Sources */,
				11B70C1C2A81405B00D6BC8B /* CardWithHeader.swift in Sources */,
				11C793C12B027B0F00FEF38E /* ECGImportDTO.swift in Sources */,
				11C793D02B028B7500FEF38E /* HKECG.swift in Sources */,
				11632E7C2A8682B9006CE5BA /* ECGQualityListView.swift in Sources */,
				179438E32A32422A00616B9B /* DateUtils.swift in Sources */,
				114BB1462A729D760079956A /* ECGChartPreviewView.swift in Sources */,
				179438D62A31E42400616B9B /* ECGRowView.swift in Sources */,
				17A82BEC2A3725BB00873DF7 /* Algorithms.swift in Sources */,
				1160CEB02A5F0F7700BE5867 /* ECGSource.swift in Sources */,
				11B3C9D42A5C5BB600EF0555 /* UserSettingsViewModel.swift in Sources */,
				1153CDBD2A769401008E209C /* RoundedBackgroundModifier.swift in Sources */,
				116E63B82A586F9C00A0C6F4 /* ECGChartView.swift in Sources */,
				116D60522A8261C500EB7D9C /* DeviceDataUtils.swift in Sources */,
				116369CD2B0399E100DF7C82 /* CSVImportStream.swift in Sources */,
				179438D42A31E23200616B9B /* ECGListView.swift in Sources */,
				1153CDB72A753B23008E209C /* DurationExtension.swift in Sources */,
				17A82BEE2A3767F200873DF7 /* AlgorithmSelectionView.swift in Sources */,
				115708222A5A0F98004D31F5 /* HeaderViewModifier.swift in Sources */,
				1160CEB72A5F1F9E00BE5867 /* ToolbarView.swift in Sources */,
				173C05342A31C15F00D3E786 /* PeakWatchApp.swift in Sources */,
				115708132A59CD50004D31F5 /* Tag.swift in Sources */,
				1157080F2A59C16D004D31F5 /* ECGNavigationView.swift in Sources */,
				116369C62B03962400DF7C82 /* ExportStreamViewModel.swift in Sources */,
				11632E7E2A8682CD006CE5BA /* ECGQualityRowView.swift in Sources */,
				11C793CE2B02843400FEF38E /* ImportViewModel.swift in Sources */,
				117355142A78266D000C7F6A /* RuntimeDTO.swift in Sources */,
				114DA37F2A80D3B000186277 /* AllECGExportDTO.swift in Sources */,
				11C793C92B027D8700FEF38E /* ImportButtonView.swift in Sources */,
				11B70C1A2A813DA800D6BC8B /* ReportView.swift in Sources */,
				11671E5F2A5BFEA800C3A913 /* FeatureCardView.swift in Sources */,
				50D5922B2A5EF924006A7897 /* InfoSheetViewModel.swift in Sources */,
				115708092A59C0B7004D31F5 /* GoalView.swift in Sources */,
				11B70C162A811F5B00D6BC8B /* LoadingLogo.swift in Sources */,
				11632E822A8685D7006CE5BA /* ECGQualityAlgortihmsExtension.swift in Sources */,
				1173550E2A778E86000C7F6A /* SignalQualityDTO.swift in Sources */,
				115708032A59BC10004D31F5 /* CardView.swift in Sources */,
				115708192A59E7B9004D31F5 /* Constants.swift in Sources */,
				11C793CC2B02814E00FEF38E /* ImportView.swift in Sources */,
				1160186B2A7509EC00A7CE7A /* ECGAlgorithmPerformanceView.swift in Sources */,
				1157081B2A59F0BE004D31F5 /* ECGFoundView.swift in Sources */,
				1153CDB92A755413008E209C /* ECGSingleAlgorithmPerformanceView.swift in Sources */,
				115708202A5A03E4004D31F5 /* PrimaryButtonStyle.swift in Sources */,
				115A918C2A86649000650C62 /* TagContainerItemView.swift in Sources */,
				115A918E2A8666CC00650C62 /* LegendContainerItemView.swift in Sources */,
				17CACAF32A4C5AC00061576F /* ECGSingleAlgorithmSelectionView.swift in Sources */,
				11632E782A867EBB006CE5BA /* ECGQuality.swift in Sources */,
				1160CEB52A5F11DA00BE5867 /* ECGRowDetailsView.swift in Sources */,
				17BF56642A33479800FF42D5 /* ECGDetailView.swift in Sources */,
				11C793C52B027BB700FEF38E /* ECGImportDTOHelper.swift in Sources */,
				11597A8F2A5DE6F800E71A0D /* InfoButtonView.swift in Sources */,
				11632E802A868584006CE5BA /* ECGQualityRatingExtension.swift in Sources */,
				115708112A59CD3D004D31F5 /* TagContainerView.swift in Sources */,
				11589A942A7FF06000CC6E97 /* GlobalExportButtonView.swift in Sources */,
				117355042A778C00000C7F6A /* ECGExportDTO.swift in Sources */,
				114BB14A2A72DA980079956A /* VoltageMeasurement.swift in Sources */,
				17BF56622A3336FD00FF42D5 /* SecondaryInfoListRowViewModifier.swift in Sources */,
				11B70C182A81354800D6BC8B /* ExportProgressView.swift in Sources */,
				115A91862A863B4E00650C62 /* AlgorithmsChartLegendView.swift in Sources */,
				179438E02A31F47700616B9B /* ECGSample.swift in Sources */,
				1160CEB32A5F10D400BE5867 /* ECGRowHeader.swift in Sources */,
				114DA3832A80EBB900186277 /* FileExportable.swift in Sources */,
				117355062A778C37000C7F6A /* ECGInformationDTO.swift in Sources */,
				11E49F3B2B04052A007275CA /* FileNameHelper.swift in Sources */,
				1157080D2A59C112004D31F5 /* AlgorithmsTagsGridView.swift in Sources */,
				17BF565F2A3332E600FF42D5 /* HKClassificationExtension.swift in Sources */,
				1160CEAE2A5F040100BE5867 /* FeatureRow.swift in Sources */,
				116369D22B03B70300DF7C82 /* JSONExportStream.swift in Sources */,
				11B52C012A790B46004AE7B1 /* ECGExportDTOHelper.swift in Sources */,
				115707FE2A599A7B004D31F5 /* ECGSingleAlgorithmDetailView.swift in Sources */,
				1728712D2A37B28C00507869 /* ECGSignalView.swift in Sources */,
				116369CB2B03971800DF7C82 /* ExportStream.swift in Sources */,
				116369C42B038D4700DF7C82 /* ExportableViewModel.swift in Sources */,
				115708152A59CD8F004D31F5 /* TagView.swift in Sources */,
				1153CDBB2A7690FC008E209C /* Colors.swift in Sources */,
				11589A962A7FF1C100CC6E97 /* ExportInMemoryViewModel.swift in Sources */,
				1173550C2A778D7B000C7F6A /* RPeaksDTO.swift in Sources */,
				114BB14E2A7450D60079956A /* AlgorithmViewModel.swift in Sources */,
				114BB1482A72D88A0079956A /* VoltageViewModel.swift in Sources */,
				172871292A37B0D800507869 /* TagViewModifier.swift in Sources */,
				114C25912A5C7D5F00CB6F01 /* SettingsButtonView.swift in Sources */,
				11E49F392B03FDBA007275CA /* ImportError.swift in Sources */,
				11C793C32B027B6200FEF38E /* ExternalDataSetDTO.swift in Sources */,
				117355012A778988000C7F6A /* ExportButtonView.swift in Sources */,
				115708002A59ADA1004D31F5 /* HomeScreen.swift in Sources */,
				179438D92A31E4CC00616B9B /* ECGViewModel.swift in Sources */,
				115708172A59E700004D31F5 /* TagUtils.swift in Sources */,
				111AD9F92A782EC200A73AD3 /* ExportError.swift in Sources */,
				1728712B2A37B1E600507869 /* ECGAlgorithmSectionView.swift in Sources */,
				117355082A778C73000C7F6A /* ECGAppleMetaDataDTO.swift in Sources */,
				117355172A782B25000C7F6A /* JSONError.swift in Sources */,
				11671E612A5C275100C3A913 /* Feature.swift in Sources */,
				116369C92B03970100DF7C82 /* ImportStream.swift in Sources */,
				115A918A2A865CB000650C62 /* ContainerItemView.swift in Sources */,
				115A91882A8656A300650C62 /* ContainerView.swift in Sources */,
				1157081D2A59F121004D31F5 /* ECGNotFoundView.swift in Sources */,
				11589A922A7FEFD900CC6E97 /* ExportView.swift in Sources */,
				17A759432A349282001B5E7D /* VoltageMeasurementWithPeak.swift in Sources */,
				1157080B2A59C0E0004D31F5 /* FeaturesView.swift in Sources */,
				17CACAF52A4C5E670061576F /* ECGSingleAlgorithmChartView.swift in Sources */,
				11B3C9D22A5C4C2A00EF0555 /* SettingsView.swift in Sources */,
				114C258F2A5C793400CB6F01 /* ECGAlgorithmSheetView.swift in Sources */,
				11B52BFF2A78ED44004AE7B1 /* ECGRecordedButton.swift in Sources */,
				11B3C9D72A5C5CB800EF0555 /* AlgorithmSelectable.swift in Sources */,
			);
			runOnlyForDeploymentPostprocessing = 0;
		};
		173C053C2A31C16200D3E786 /* Sources */ = {
			isa = PBXSourcesBuildPhase;
			buildActionMask = 2147483647;
			files = (
				173C05452A31C16200D3E786 /* PeakWatchTests.swift in Sources */,
			);
			runOnlyForDeploymentPostprocessing = 0;
		};
		173C05462A31C16200D3E786 /* Sources */ = {
			isa = PBXSourcesBuildPhase;
			buildActionMask = 2147483647;
			files = (
				173C054F2A31C16200D3E786 /* PeakWatchUITests.swift in Sources */,
				173C05512A31C16200D3E786 /* PeakWatchUITestsLaunchTests.swift in Sources */,
			);
			runOnlyForDeploymentPostprocessing = 0;
		};
/* End PBXSourcesBuildPhase section */

/* Begin PBXTargetDependency section */
		173C05422A31C16200D3E786 /* PBXTargetDependency */ = {
			isa = PBXTargetDependency;
			target = 173C052F2A31C15F00D3E786 /* PeakWatch */;
			targetProxy = 173C05412A31C16200D3E786 /* PBXContainerItemProxy */;
		};
		173C054C2A31C16200D3E786 /* PBXTargetDependency */ = {
			isa = PBXTargetDependency;
			target = 173C052F2A31C15F00D3E786 /* PeakWatch */;
			targetProxy = 173C054B2A31C16200D3E786 /* PBXContainerItemProxy */;
		};
/* End PBXTargetDependency section */

/* Begin XCBuildConfiguration section */
		173C05522A31C16200D3E786 /* Debug */ = {
			isa = XCBuildConfiguration;
			buildSettings = {
				ALWAYS_SEARCH_USER_PATHS = NO;
				CLANG_ANALYZER_NONNULL = YES;
				CLANG_ANALYZER_NUMBER_OBJECT_CONVERSION = YES_AGGRESSIVE;
				CLANG_CXX_LANGUAGE_STANDARD = "gnu++20";
				CLANG_ENABLE_MODULES = YES;
				CLANG_ENABLE_OBJC_ARC = YES;
				CLANG_ENABLE_OBJC_WEAK = YES;
				CLANG_WARN_BLOCK_CAPTURE_AUTORELEASING = YES;
				CLANG_WARN_BOOL_CONVERSION = YES;
				CLANG_WARN_COMMA = YES;
				CLANG_WARN_CONSTANT_CONVERSION = YES;
				CLANG_WARN_DEPRECATED_OBJC_IMPLEMENTATIONS = YES;
				CLANG_WARN_DIRECT_OBJC_ISA_USAGE = YES_ERROR;
				CLANG_WARN_DOCUMENTATION_COMMENTS = YES;
				CLANG_WARN_EMPTY_BODY = YES;
				CLANG_WARN_ENUM_CONVERSION = YES;
				CLANG_WARN_INFINITE_RECURSION = YES;
				CLANG_WARN_INT_CONVERSION = YES;
				CLANG_WARN_NON_LITERAL_NULL_CONVERSION = YES;
				CLANG_WARN_OBJC_IMPLICIT_RETAIN_SELF = YES;
				CLANG_WARN_OBJC_LITERAL_CONVERSION = YES;
				CLANG_WARN_OBJC_ROOT_CLASS = YES_ERROR;
				CLANG_WARN_QUOTED_INCLUDE_IN_FRAMEWORK_HEADER = YES;
				CLANG_WARN_RANGE_LOOP_ANALYSIS = YES;
				CLANG_WARN_STRICT_PROTOTYPES = YES;
				CLANG_WARN_SUSPICIOUS_MOVE = YES;
				CLANG_WARN_UNGUARDED_AVAILABILITY = YES_AGGRESSIVE;
				CLANG_WARN_UNREACHABLE_CODE = YES;
				CLANG_WARN__DUPLICATE_METHOD_MATCH = YES;
				COPY_PHASE_STRIP = NO;
				DEBUG_INFORMATION_FORMAT = dwarf;
				ENABLE_STRICT_OBJC_MSGSEND = YES;
				ENABLE_TESTABILITY = YES;
				GCC_C_LANGUAGE_STANDARD = gnu11;
				GCC_DYNAMIC_NO_PIC = NO;
				GCC_NO_COMMON_BLOCKS = YES;
				GCC_OPTIMIZATION_LEVEL = 0;
				GCC_PREPROCESSOR_DEFINITIONS = (
					"DEBUG=1",
					"$(inherited)",
				);
				GCC_WARN_64_TO_32_BIT_CONVERSION = YES;
				GCC_WARN_ABOUT_RETURN_TYPE = YES_ERROR;
				GCC_WARN_UNDECLARED_SELECTOR = YES;
				GCC_WARN_UNINITIALIZED_AUTOS = YES_AGGRESSIVE;
				GCC_WARN_UNUSED_FUNCTION = YES;
				GCC_WARN_UNUSED_VARIABLE = YES;
				IPHONEOS_DEPLOYMENT_TARGET = 16.2;
				MTL_ENABLE_DEBUG_INFO = INCLUDE_SOURCE;
				MTL_FAST_MATH = YES;
				ONLY_ACTIVE_ARCH = YES;
				SDKROOT = iphoneos;
				SWIFT_ACTIVE_COMPILATION_CONDITIONS = DEBUG;
				SWIFT_OPTIMIZATION_LEVEL = "-Onone";
			};
			name = Debug;
		};
		173C05532A31C16200D3E786 /* Release */ = {
			isa = XCBuildConfiguration;
			buildSettings = {
				ALWAYS_SEARCH_USER_PATHS = NO;
				CLANG_ANALYZER_NONNULL = YES;
				CLANG_ANALYZER_NUMBER_OBJECT_CONVERSION = YES_AGGRESSIVE;
				CLANG_CXX_LANGUAGE_STANDARD = "gnu++20";
				CLANG_ENABLE_MODULES = YES;
				CLANG_ENABLE_OBJC_ARC = YES;
				CLANG_ENABLE_OBJC_WEAK = YES;
				CLANG_WARN_BLOCK_CAPTURE_AUTORELEASING = YES;
				CLANG_WARN_BOOL_CONVERSION = YES;
				CLANG_WARN_COMMA = YES;
				CLANG_WARN_CONSTANT_CONVERSION = YES;
				CLANG_WARN_DEPRECATED_OBJC_IMPLEMENTATIONS = YES;
				CLANG_WARN_DIRECT_OBJC_ISA_USAGE = YES_ERROR;
				CLANG_WARN_DOCUMENTATION_COMMENTS = YES;
				CLANG_WARN_EMPTY_BODY = YES;
				CLANG_WARN_ENUM_CONVERSION = YES;
				CLANG_WARN_INFINITE_RECURSION = YES;
				CLANG_WARN_INT_CONVERSION = YES;
				CLANG_WARN_NON_LITERAL_NULL_CONVERSION = YES;
				CLANG_WARN_OBJC_IMPLICIT_RETAIN_SELF = YES;
				CLANG_WARN_OBJC_LITERAL_CONVERSION = YES;
				CLANG_WARN_OBJC_ROOT_CLASS = YES_ERROR;
				CLANG_WARN_QUOTED_INCLUDE_IN_FRAMEWORK_HEADER = YES;
				CLANG_WARN_RANGE_LOOP_ANALYSIS = YES;
				CLANG_WARN_STRICT_PROTOTYPES = YES;
				CLANG_WARN_SUSPICIOUS_MOVE = YES;
				CLANG_WARN_UNGUARDED_AVAILABILITY = YES_AGGRESSIVE;
				CLANG_WARN_UNREACHABLE_CODE = YES;
				CLANG_WARN__DUPLICATE_METHOD_MATCH = YES;
				COPY_PHASE_STRIP = NO;
				DEBUG_INFORMATION_FORMAT = "dwarf-with-dsym";
				ENABLE_NS_ASSERTIONS = NO;
				ENABLE_STRICT_OBJC_MSGSEND = YES;
				GCC_C_LANGUAGE_STANDARD = gnu11;
				GCC_NO_COMMON_BLOCKS = YES;
				GCC_WARN_64_TO_32_BIT_CONVERSION = YES;
				GCC_WARN_ABOUT_RETURN_TYPE = YES_ERROR;
				GCC_WARN_UNDECLARED_SELECTOR = YES;
				GCC_WARN_UNINITIALIZED_AUTOS = YES_AGGRESSIVE;
				GCC_WARN_UNUSED_FUNCTION = YES;
				GCC_WARN_UNUSED_VARIABLE = YES;
				IPHONEOS_DEPLOYMENT_TARGET = 16.2;
				MTL_ENABLE_DEBUG_INFO = NO;
				MTL_FAST_MATH = YES;
				SDKROOT = iphoneos;
				SWIFT_COMPILATION_MODE = wholemodule;
				SWIFT_OPTIMIZATION_LEVEL = "-O";
				VALIDATE_PRODUCT = YES;
			};
			name = Release;
		};
		173C05552A31C16200D3E786 /* Debug */ = {
			isa = XCBuildConfiguration;
			buildSettings = {
				ASSETCATALOG_COMPILER_APPICON_NAME = AppIcon;
				ASSETCATALOG_COMPILER_GLOBAL_ACCENT_COLOR_NAME = AccentColor;
				CODE_SIGN_ENTITLEMENTS = PeakWatch/PeakWatch.entitlements;
				CODE_SIGN_IDENTITY = "Apple Development";
				CODE_SIGN_STYLE = Automatic;
				CURRENT_PROJECT_VERSION = 1;
				DEVELOPMENT_ASSET_PATHS = "\"PeakWatch/Preview Content\"";
				DEVELOPMENT_TEAM = UJYRLZA762;
				ENABLE_PREVIEWS = YES;
				GENERATE_INFOPLIST_FILE = YES;
				INFOPLIST_FILE = PeakWatch/Info.plist;
				INFOPLIST_KEY_NSHealthShareUsageDescription = "The application would like to get access to your ECG information.";
				INFOPLIST_KEY_NSHealthUpdateUsageDescription = "PeakWatch requires access to your health database to load and analyse ECG data. New recordings are loaded on behalf of the application that needs this permission.";
				INFOPLIST_KEY_UIApplicationSceneManifest_Generation = YES;
				INFOPLIST_KEY_UIApplicationSupportsIndirectInputEvents = YES;
				INFOPLIST_KEY_UILaunchScreen_Generation = YES;
				INFOPLIST_KEY_UISupportedInterfaceOrientations_iPad = "UIInterfaceOrientationPortrait UIInterfaceOrientationPortraitUpsideDown UIInterfaceOrientationLandscapeLeft UIInterfaceOrientationLandscapeRight";
				INFOPLIST_KEY_UISupportedInterfaceOrientations_iPhone = "UIInterfaceOrientationPortrait UIInterfaceOrientationLandscapeLeft UIInterfaceOrientationLandscapeRight";
				LD_RUNPATH_SEARCH_PATHS = (
					"$(inherited)",
					"@executable_path/Frameworks",
				);
				MARKETING_VERSION = 1.0;
				PRODUCT_BUNDLE_IDENTIFIER = nikita.charush.dev;
				PRODUCT_NAME = "$(TARGET_NAME)";
				PROVISIONING_PROFILE_SPECIFIER = "";
				SWIFT_EMIT_LOC_STRINGS = YES;
				SWIFT_VERSION = 5.0;
				TARGETED_DEVICE_FAMILY = "1,2";
			};
			name = Debug;
		};
		173C05562A31C16200D3E786 /* Release */ = {
			isa = XCBuildConfiguration;
			buildSettings = {
				ASSETCATALOG_COMPILER_APPICON_NAME = AppIcon;
				ASSETCATALOG_COMPILER_GLOBAL_ACCENT_COLOR_NAME = AccentColor;
				CODE_SIGN_ENTITLEMENTS = PeakWatch/PeakWatch.entitlements;
				CODE_SIGN_IDENTITY = "Apple Development";
				CODE_SIGN_STYLE = Automatic;
				CURRENT_PROJECT_VERSION = 1;
				DEVELOPMENT_ASSET_PATHS = "\"PeakWatch/Preview Content\"";
				DEVELOPMENT_TEAM = UJYRLZA762;
				ENABLE_PREVIEWS = YES;
				GENERATE_INFOPLIST_FILE = YES;
				INFOPLIST_FILE = PeakWatch/Info.plist;
				INFOPLIST_KEY_NSHealthShareUsageDescription = "The application would like to get access to your ECG information.";
				INFOPLIST_KEY_NSHealthUpdateUsageDescription = "PeakWatch requires access to your health database to load and analyse ECG data. New recordings are loaded on behalf of the application that needs this permission.";
				INFOPLIST_KEY_UIApplicationSceneManifest_Generation = YES;
				INFOPLIST_KEY_UIApplicationSupportsIndirectInputEvents = YES;
				INFOPLIST_KEY_UILaunchScreen_Generation = YES;
				INFOPLIST_KEY_UISupportedInterfaceOrientations_iPad = "UIInterfaceOrientationPortrait UIInterfaceOrientationPortraitUpsideDown UIInterfaceOrientationLandscapeLeft UIInterfaceOrientationLandscapeRight";
				INFOPLIST_KEY_UISupportedInterfaceOrientations_iPhone = "UIInterfaceOrientationPortrait UIInterfaceOrientationLandscapeLeft UIInterfaceOrientationLandscapeRight";
				LD_RUNPATH_SEARCH_PATHS = (
					"$(inherited)",
					"@executable_path/Frameworks",
				);
				MARKETING_VERSION = 1.0;
				PRODUCT_BUNDLE_IDENTIFIER = nikita.charush.dev;
				PRODUCT_NAME = "$(TARGET_NAME)";
				PROVISIONING_PROFILE_SPECIFIER = "";
				SWIFT_EMIT_LOC_STRINGS = YES;
				SWIFT_VERSION = 5.0;
				TARGETED_DEVICE_FAMILY = "1,2";
			};
			name = Release;
		};
		173C05582A31C16200D3E786 /* Debug */ = {
			isa = XCBuildConfiguration;
			buildSettings = {
				ALWAYS_EMBED_SWIFT_STANDARD_LIBRARIES = YES;
				BUNDLE_LOADER = "$(TEST_HOST)";
				CODE_SIGN_STYLE = Automatic;
				CURRENT_PROJECT_VERSION = 1;
				DEVELOPMENT_TEAM = UJYRLZA762;
				GENERATE_INFOPLIST_FILE = YES;
				IPHONEOS_DEPLOYMENT_TARGET = 16.2;
				MARKETING_VERSION = 1.0;
				PRODUCT_BUNDLE_IDENTIFIER = nikita.charush.dev;
				PRODUCT_NAME = "$(TARGET_NAME)";
				SWIFT_EMIT_LOC_STRINGS = NO;
				SWIFT_VERSION = 5.0;
				TARGETED_DEVICE_FAMILY = "1,2";
				TEST_HOST = "$(BUILT_PRODUCTS_DIR)/PeakWatch.app/$(BUNDLE_EXECUTABLE_FOLDER_PATH)/PeakWatch";
			};
			name = Debug;
		};
		173C05592A31C16200D3E786 /* Release */ = {
			isa = XCBuildConfiguration;
			buildSettings = {
				ALWAYS_EMBED_SWIFT_STANDARD_LIBRARIES = YES;
				BUNDLE_LOADER = "$(TEST_HOST)";
				CODE_SIGN_STYLE = Automatic;
				CURRENT_PROJECT_VERSION = 1;
				DEVELOPMENT_TEAM = UJYRLZA762;
				GENERATE_INFOPLIST_FILE = YES;
				IPHONEOS_DEPLOYMENT_TARGET = 16.2;
				MARKETING_VERSION = 1.0;
				PRODUCT_BUNDLE_IDENTIFIER = nikita.charush.dev;
				PRODUCT_NAME = "$(TARGET_NAME)";
				SWIFT_EMIT_LOC_STRINGS = NO;
				SWIFT_VERSION = 5.0;
				TARGETED_DEVICE_FAMILY = "1,2";
				TEST_HOST = "$(BUILT_PRODUCTS_DIR)/PeakWatch.app/$(BUNDLE_EXECUTABLE_FOLDER_PATH)/PeakWatch";
			};
			name = Release;
		};
		173C055B2A31C16200D3E786 /* Debug */ = {
			isa = XCBuildConfiguration;
			buildSettings = {
				ALWAYS_EMBED_SWIFT_STANDARD_LIBRARIES = YES;
				CODE_SIGN_STYLE = Automatic;
				CURRENT_PROJECT_VERSION = 1;
				DEVELOPMENT_TEAM = UJYRLZA762;
				GENERATE_INFOPLIST_FILE = YES;
				MARKETING_VERSION = 1.0;
				PRODUCT_BUNDLE_IDENTIFIER = nikita.charush.dev;
				PRODUCT_NAME = "$(TARGET_NAME)";
				SWIFT_EMIT_LOC_STRINGS = NO;
				SWIFT_VERSION = 5.0;
				TARGETED_DEVICE_FAMILY = "1,2";
				TEST_TARGET_NAME = PeakWatch;
			};
			name = Debug;
		};
		173C055C2A31C16200D3E786 /* Release */ = {
			isa = XCBuildConfiguration;
			buildSettings = {
				ALWAYS_EMBED_SWIFT_STANDARD_LIBRARIES = YES;
				CODE_SIGN_STYLE = Automatic;
				CURRENT_PROJECT_VERSION = 1;
				DEVELOPMENT_TEAM = UJYRLZA762;
				GENERATE_INFOPLIST_FILE = YES;
				MARKETING_VERSION = 1.0;
				PRODUCT_BUNDLE_IDENTIFIER = nikita.charush.dev;
				PRODUCT_NAME = "$(TARGET_NAME)";
				SWIFT_EMIT_LOC_STRINGS = NO;
				SWIFT_VERSION = 5.0;
				TARGETED_DEVICE_FAMILY = "1,2";
				TEST_TARGET_NAME = PeakWatch;
			};
			name = Release;
		};
/* End XCBuildConfiguration section */

/* Begin XCConfigurationList section */
		173C052B2A31C15F00D3E786 /* Build configuration list for PBXProject "PeakWatch" */ = {
			isa = XCConfigurationList;
			buildConfigurations = (
				173C05522A31C16200D3E786 /* Debug */,
				173C05532A31C16200D3E786 /* Release */,
			);
			defaultConfigurationIsVisible = 0;
			defaultConfigurationName = Release;
		};
		173C05542A31C16200D3E786 /* Build configuration list for PBXNativeTarget "PeakWatch" */ = {
			isa = XCConfigurationList;
			buildConfigurations = (
				173C05552A31C16200D3E786 /* Debug */,
				173C05562A31C16200D3E786 /* Release */,
			);
			defaultConfigurationIsVisible = 0;
			defaultConfigurationName = Release;
		};
		173C05572A31C16200D3E786 /* Build configuration list for PBXNativeTarget "PeakWatchTests" */ = {
			isa = XCConfigurationList;
			buildConfigurations = (
				173C05582A31C16200D3E786 /* Debug */,
				173C05592A31C16200D3E786 /* Release */,
			);
			defaultConfigurationIsVisible = 0;
			defaultConfigurationName = Release;
		};
		173C055A2A31C16200D3E786 /* Build configuration list for PBXNativeTarget "PeakWatchUITests" */ = {
			isa = XCConfigurationList;
			buildConfigurations = (
				173C055B2A31C16200D3E786 /* Debug */,
				173C055C2A31C16200D3E786 /* Release */,
			);
			defaultConfigurationIsVisible = 0;
			defaultConfigurationName = Release;
		};
/* End XCConfigurationList section */

/* Begin XCRemoteSwiftPackageReference section */
		503EF36E2B0415B7000E26C0 /* XCRemoteSwiftPackageReference "CSV" */ = {
			isa = XCRemoteSwiftPackageReference;
			repositoryURL = "https://github.com/yaslab/CSV.swift";
			requirement = {
				kind = upToNextMajorVersion;
				minimumVersion = 2.0.0;
			};
		};
		504710AF2A94EB3200E5F626 /* XCRemoteSwiftPackageReference "PeakSwift" */ = {
			isa = XCRemoteSwiftPackageReference;
			repositoryURL = "https://github.com/CardioKit/PeakSwift";
			requirement = {
				branch = main;
				kind = branch;
			};
		};
/* End XCRemoteSwiftPackageReference section */

/* Begin XCSwiftPackageProductDependency section */
		503EF36F2B0415B7000E26C0 /* CSV */ = {
			isa = XCSwiftPackageProductDependency;
			package = 503EF36E2B0415B7000E26C0 /* XCRemoteSwiftPackageReference "CSV" */;
			productName = CSV;
		};
		504710B02A94EB3200E5F626 /* PeakSwift */ = {
			isa = XCSwiftPackageProductDependency;
			package = 504710AF2A94EB3200E5F626 /* XCRemoteSwiftPackageReference "PeakSwift" */;
			productName = PeakSwift;
		};
/* End XCSwiftPackageProductDependency section */
	};
	rootObject = 173C05282A31C15F00D3E786 /* Project object */;
}
