// !$*UTF8*$!
{
	archiveVersion = 1;
	classes = {
	};
	objectVersion = 56;
	objects = {

/* Begin PBXBuildFile section */
		115708002A59ADA1004D31F5 /* HomeScreen.swift in Sources */ = {isa = PBXBuildFile; fileRef = 115707FF2A59ADA1004D31F5 /* HomeScreen.swift */; };
		115708032A59BC10004D31F5 /* CardView.swift in Sources */ = {isa = PBXBuildFile; fileRef = 115708022A59BC10004D31F5 /* CardView.swift */; };
		115708092A59C0B7004D31F5 /* GoalView.swift in Sources */ = {isa = PBXBuildFile; fileRef = 115708082A59C0B7004D31F5 /* GoalView.swift */; };
		1157080B2A59C0E0004D31F5 /* FeaturesView.swift in Sources */ = {isa = PBXBuildFile; fileRef = 1157080A2A59C0E0004D31F5 /* FeaturesView.swift */; };
		1157080D2A59C112004D31F5 /* SupportedAlgorithmsView.swift in Sources */ = {isa = PBXBuildFile; fileRef = 1157080C2A59C112004D31F5 /* SupportedAlgorithmsView.swift */; };
		1157080F2A59C16D004D31F5 /* ECGNavigationView.swift in Sources */ = {isa = PBXBuildFile; fileRef = 1157080E2A59C16D004D31F5 /* ECGNavigationView.swift */; };
		115708112A59CD3D004D31F5 /* TagContainerView.swift in Sources */ = {isa = PBXBuildFile; fileRef = 115708102A59CD3D004D31F5 /* TagContainerView.swift */; };
		115708132A59CD50004D31F5 /* Tag.swift in Sources */ = {isa = PBXBuildFile; fileRef = 115708122A59CD50004D31F5 /* Tag.swift */; };
		115708152A59CD8F004D31F5 /* TagView.swift in Sources */ = {isa = PBXBuildFile; fileRef = 115708142A59CD8F004D31F5 /* TagView.swift */; };
		115708172A59E700004D31F5 /* TagUtils.swift in Sources */ = {isa = PBXBuildFile; fileRef = 115708162A59E700004D31F5 /* TagUtils.swift */; };
		115708192A59E7B9004D31F5 /* Constants.swift in Sources */ = {isa = PBXBuildFile; fileRef = 115708182A59E7B9004D31F5 /* Constants.swift */; };
		1157081B2A59F0BE004D31F5 /* ECGFoundView.swift in Sources */ = {isa = PBXBuildFile; fileRef = 1157081A2A59F0BE004D31F5 /* ECGFoundView.swift */; };
		1157081D2A59F121004D31F5 /* ECGNotFoundView.swift in Sources */ = {isa = PBXBuildFile; fileRef = 1157081C2A59F121004D31F5 /* ECGNotFoundView.swift */; };
		172871292A37B0D800507869 /* TagViewModifier.swift in Sources */ = {isa = PBXBuildFile; fileRef = 172871282A37B0D800507869 /* TagViewModifier.swift */; };
		1728712B2A37B1E600507869 /* ECGAlgorithmSectionView.swift in Sources */ = {isa = PBXBuildFile; fileRef = 1728712A2A37B1E600507869 /* ECGAlgorithmSectionView.swift */; };
		1728712D2A37B28C00507869 /* ECGSignalView.swift in Sources */ = {isa = PBXBuildFile; fileRef = 1728712C2A37B28C00507869 /* ECGSignalView.swift */; };
		173C05342A31C15F00D3E786 /* PeakWatchApp.swift in Sources */ = {isa = PBXBuildFile; fileRef = 173C05332A31C15F00D3E786 /* PeakWatchApp.swift */; };
		173C05362A31C15F00D3E786 /* ContentView.swift in Sources */ = {isa = PBXBuildFile; fileRef = 173C05352A31C15F00D3E786 /* ContentView.swift */; };
		173C05382A31C16100D3E786 /* Assets.xcassets in Resources */ = {isa = PBXBuildFile; fileRef = 173C05372A31C16100D3E786 /* Assets.xcassets */; };
		173C053B2A31C16100D3E786 /* Preview Assets.xcassets in Resources */ = {isa = PBXBuildFile; fileRef = 173C053A2A31C16100D3E786 /* Preview Assets.xcassets */; };
		173C05452A31C16200D3E786 /* PeakWatchTests.swift in Sources */ = {isa = PBXBuildFile; fileRef = 173C05442A31C16200D3E786 /* PeakWatchTests.swift */; };
		173C054F2A31C16200D3E786 /* PeakWatchUITests.swift in Sources */ = {isa = PBXBuildFile; fileRef = 173C054E2A31C16200D3E786 /* PeakWatchUITests.swift */; };
		173C05512A31C16200D3E786 /* PeakWatchUITestsLaunchTests.swift in Sources */ = {isa = PBXBuildFile; fileRef = 173C05502A31C16200D3E786 /* PeakWatchUITestsLaunchTests.swift */; };
		179438D42A31E23200616B9B /* ECGListView.swift in Sources */ = {isa = PBXBuildFile; fileRef = 179438D32A31E23200616B9B /* ECGListView.swift */; };
		179438D62A31E42400616B9B /* ECGRowView.swift in Sources */ = {isa = PBXBuildFile; fileRef = 179438D52A31E42400616B9B /* ECGRowView.swift */; };
		179438D92A31E4CC00616B9B /* ECGViewModel.swift in Sources */ = {isa = PBXBuildFile; fileRef = 179438D82A31E4CC00616B9B /* ECGViewModel.swift */; };
		179438E02A31F47700616B9B /* ECGSample.swift in Sources */ = {isa = PBXBuildFile; fileRef = 179438DF2A31F47700616B9B /* ECGSample.swift */; };
		179438E32A32422A00616B9B /* DateUtils.swift in Sources */ = {isa = PBXBuildFile; fileRef = 179438E22A32422A00616B9B /* DateUtils.swift */; };
		17A759432A349282001B5E7D /* VoltageMeasurement.swift in Sources */ = {isa = PBXBuildFile; fileRef = 17A759422A349282001B5E7D /* VoltageMeasurement.swift */; };
		17A82BEC2A3725BB00873DF7 /* Algorithms.swift in Sources */ = {isa = PBXBuildFile; fileRef = 17A82BEB2A3725BB00873DF7 /* Algorithms.swift */; };
		17A82BEE2A3767F200873DF7 /* AlgorithmSelectionView.swift in Sources */ = {isa = PBXBuildFile; fileRef = 17A82BED2A3767F200873DF7 /* AlgorithmSelectionView.swift */; };
		17BF565F2A3332E600FF42D5 /* HKClassificationExtension.swift in Sources */ = {isa = PBXBuildFile; fileRef = 17BF565E2A3332E600FF42D5 /* HKClassificationExtension.swift */; };
		17BF56622A3336FD00FF42D5 /* SecondaryInfoListRowViewModifier.swift in Sources */ = {isa = PBXBuildFile; fileRef = 17BF56612A3336FD00FF42D5 /* SecondaryInfoListRowViewModifier.swift */; };
		17BF56642A33479800FF42D5 /* ECGDetailView.swift in Sources */ = {isa = PBXBuildFile; fileRef = 17BF56632A33479800FF42D5 /* ECGDetailView.swift */; };
		17BF56662A334AD600FF42D5 /* VoltageViewModel.swift in Sources */ = {isa = PBXBuildFile; fileRef = 17BF56652A334AD600FF42D5 /* VoltageViewModel.swift */; };
		17C88C9C2A366DD9007B8A8E /* PeakSwift in Frameworks */ = {isa = PBXBuildFile; productRef = 17C88C9B2A366DD9007B8A8E /* PeakSwift */; };
/* End PBXBuildFile section */

/* Begin PBXContainerItemProxy section */
		173C05412A31C16200D3E786 /* PBXContainerItemProxy */ = {
			isa = PBXContainerItemProxy;
			containerPortal = 173C05282A31C15F00D3E786 /* Project object */;
			proxyType = 1;
			remoteGlobalIDString = 173C052F2A31C15F00D3E786;
			remoteInfo = PeakWatch;
		};
		173C054B2A31C16200D3E786 /* PBXContainerItemProxy */ = {
			isa = PBXContainerItemProxy;
			containerPortal = 173C05282A31C15F00D3E786 /* Project object */;
			proxyType = 1;
			remoteGlobalIDString = 173C052F2A31C15F00D3E786;
			remoteInfo = PeakWatch;
		};
/* End PBXContainerItemProxy section */

/* Begin PBXFileReference section */
		115707FF2A59ADA1004D31F5 /* HomeScreen.swift */ = {isa = PBXFileReference; lastKnownFileType = sourcecode.swift; path = HomeScreen.swift; sourceTree = "<group>"; };
		115708022A59BC10004D31F5 /* CardView.swift */ = {isa = PBXFileReference; lastKnownFileType = sourcecode.swift; path = CardView.swift; sourceTree = "<group>"; };
		115708082A59C0B7004D31F5 /* GoalView.swift */ = {isa = PBXFileReference; lastKnownFileType = sourcecode.swift; path = GoalView.swift; sourceTree = "<group>"; };
		1157080A2A59C0E0004D31F5 /* FeaturesView.swift */ = {isa = PBXFileReference; lastKnownFileType = sourcecode.swift; path = FeaturesView.swift; sourceTree = "<group>"; };
		1157080C2A59C112004D31F5 /* SupportedAlgorithmsView.swift */ = {isa = PBXFileReference; lastKnownFileType = sourcecode.swift; path = SupportedAlgorithmsView.swift; sourceTree = "<group>"; };
		1157080E2A59C16D004D31F5 /* ECGNavigationView.swift */ = {isa = PBXFileReference; lastKnownFileType = sourcecode.swift; path = ECGNavigationView.swift; sourceTree = "<group>"; };
		115708102A59CD3D004D31F5 /* TagContainerView.swift */ = {isa = PBXFileReference; lastKnownFileType = sourcecode.swift; path = TagContainerView.swift; sourceTree = "<group>"; };
		115708122A59CD50004D31F5 /* Tag.swift */ = {isa = PBXFileReference; lastKnownFileType = sourcecode.swift; path = Tag.swift; sourceTree = "<group>"; };
		115708142A59CD8F004D31F5 /* TagView.swift */ = {isa = PBXFileReference; lastKnownFileType = sourcecode.swift; path = TagView.swift; sourceTree = "<group>"; };
		115708162A59E700004D31F5 /* TagUtils.swift */ = {isa = PBXFileReference; lastKnownFileType = sourcecode.swift; path = TagUtils.swift; sourceTree = "<group>"; };
		115708182A59E7B9004D31F5 /* Constants.swift */ = {isa = PBXFileReference; lastKnownFileType = sourcecode.swift; path = Constants.swift; sourceTree = "<group>"; };
		1157081A2A59F0BE004D31F5 /* ECGFoundView.swift */ = {isa = PBXFileReference; lastKnownFileType = sourcecode.swift; path = ECGFoundView.swift; sourceTree = "<group>"; };
		1157081C2A59F121004D31F5 /* ECGNotFoundView.swift */ = {isa = PBXFileReference; lastKnownFileType = sourcecode.swift; path = ECGNotFoundView.swift; sourceTree = "<group>"; };
		172871282A37B0D800507869 /* TagViewModifier.swift */ = {isa = PBXFileReference; lastKnownFileType = sourcecode.swift; path = TagViewModifier.swift; sourceTree = "<group>"; };
		1728712A2A37B1E600507869 /* ECGAlgorithmSectionView.swift */ = {isa = PBXFileReference; lastKnownFileType = sourcecode.swift; path = ECGAlgorithmSectionView.swift; sourceTree = "<group>"; };
		1728712C2A37B28C00507869 /* ECGSignalView.swift */ = {isa = PBXFileReference; lastKnownFileType = sourcecode.swift; path = ECGSignalView.swift; sourceTree = "<group>"; };
		173C05302A31C15F00D3E786 /* PeakWatch.app */ = {isa = PBXFileReference; explicitFileType = wrapper.application; includeInIndex = 0; path = PeakWatch.app; sourceTree = BUILT_PRODUCTS_DIR; };
		173C05332A31C15F00D3E786 /* PeakWatchApp.swift */ = {isa = PBXFileReference; lastKnownFileType = sourcecode.swift; path = PeakWatchApp.swift; sourceTree = "<group>"; };
		173C05352A31C15F00D3E786 /* ContentView.swift */ = {isa = PBXFileReference; lastKnownFileType = sourcecode.swift; path = ContentView.swift; sourceTree = "<group>"; };
		173C05372A31C16100D3E786 /* Assets.xcassets */ = {isa = PBXFileReference; lastKnownFileType = folder.assetcatalog; path = Assets.xcassets; sourceTree = "<group>"; };
		173C053A2A31C16100D3E786 /* Preview Assets.xcassets */ = {isa = PBXFileReference; lastKnownFileType = folder.assetcatalog; path = "Preview Assets.xcassets"; sourceTree = "<group>"; };
		173C05402A31C16200D3E786 /* PeakWatchTests.xctest */ = {isa = PBXFileReference; explicitFileType = wrapper.cfbundle; includeInIndex = 0; path = PeakWatchTests.xctest; sourceTree = BUILT_PRODUCTS_DIR; };
		173C05442A31C16200D3E786 /* PeakWatchTests.swift */ = {isa = PBXFileReference; lastKnownFileType = sourcecode.swift; path = PeakWatchTests.swift; sourceTree = "<group>"; };
		173C054A2A31C16200D3E786 /* PeakWatchUITests.xctest */ = {isa = PBXFileReference; explicitFileType = wrapper.cfbundle; includeInIndex = 0; path = PeakWatchUITests.xctest; sourceTree = BUILT_PRODUCTS_DIR; };
		173C054E2A31C16200D3E786 /* PeakWatchUITests.swift */ = {isa = PBXFileReference; lastKnownFileType = sourcecode.swift; path = PeakWatchUITests.swift; sourceTree = "<group>"; };
		173C05502A31C16200D3E786 /* PeakWatchUITestsLaunchTests.swift */ = {isa = PBXFileReference; lastKnownFileType = sourcecode.swift; path = PeakWatchUITestsLaunchTests.swift; sourceTree = "<group>"; };
		179438D32A31E23200616B9B /* ECGListView.swift */ = {isa = PBXFileReference; lastKnownFileType = sourcecode.swift; path = ECGListView.swift; sourceTree = "<group>"; };
		179438D52A31E42400616B9B /* ECGRowView.swift */ = {isa = PBXFileReference; lastKnownFileType = sourcecode.swift; path = ECGRowView.swift; sourceTree = "<group>"; };
		179438D82A31E4CC00616B9B /* ECGViewModel.swift */ = {isa = PBXFileReference; lastKnownFileType = sourcecode.swift; path = ECGViewModel.swift; sourceTree = "<group>"; };
		179438DD2A31F36800616B9B /* PeakWatch.entitlements */ = {isa = PBXFileReference; lastKnownFileType = text.plist.entitlements; path = PeakWatch.entitlements; sourceTree = "<group>"; };
		179438DF2A31F47700616B9B /* ECGSample.swift */ = {isa = PBXFileReference; lastKnownFileType = sourcecode.swift; path = ECGSample.swift; sourceTree = "<group>"; };
		179438E22A32422A00616B9B /* DateUtils.swift */ = {isa = PBXFileReference; lastKnownFileType = sourcecode.swift; path = DateUtils.swift; sourceTree = "<group>"; };
		17A759422A349282001B5E7D /* VoltageMeasurement.swift */ = {isa = PBXFileReference; lastKnownFileType = sourcecode.swift; path = VoltageMeasurement.swift; sourceTree = "<group>"; };
		17A82BEB2A3725BB00873DF7 /* Algorithms.swift */ = {isa = PBXFileReference; lastKnownFileType = sourcecode.swift; path = Algorithms.swift; sourceTree = "<group>"; };
		17A82BED2A3767F200873DF7 /* AlgorithmSelectionView.swift */ = {isa = PBXFileReference; lastKnownFileType = sourcecode.swift; path = AlgorithmSelectionView.swift; sourceTree = "<group>"; };
		17BF565E2A3332E600FF42D5 /* HKClassificationExtension.swift */ = {isa = PBXFileReference; lastKnownFileType = sourcecode.swift; path = HKClassificationExtension.swift; sourceTree = "<group>"; };
		17BF56612A3336FD00FF42D5 /* SecondaryInfoListRowViewModifier.swift */ = {isa = PBXFileReference; lastKnownFileType = sourcecode.swift; path = SecondaryInfoListRowViewModifier.swift; sourceTree = "<group>"; };
		17BF56632A33479800FF42D5 /* ECGDetailView.swift */ = {isa = PBXFileReference; lastKnownFileType = sourcecode.swift; path = ECGDetailView.swift; sourceTree = "<group>"; };
		17BF56652A334AD600FF42D5 /* VoltageViewModel.swift */ = {isa = PBXFileReference; lastKnownFileType = sourcecode.swift; path = VoltageViewModel.swift; sourceTree = "<group>"; };
		50407ECA2A53001400E17921 /* Info.plist */ = {isa = PBXFileReference; lastKnownFileType = text.plist; path = Info.plist; sourceTree = "<group>"; };
/* End PBXFileReference section */

/* Begin PBXFrameworksBuildPhase section */
		173C052D2A31C15F00D3E786 /* Frameworks */ = {
			isa = PBXFrameworksBuildPhase;
			buildActionMask = 2147483647;
			files = (
				17C88C9C2A366DD9007B8A8E /* PeakSwift in Frameworks */,
			);
			runOnlyForDeploymentPostprocessing = 0;
		};
		173C053D2A31C16200D3E786 /* Frameworks */ = {
			isa = PBXFrameworksBuildPhase;
			buildActionMask = 2147483647;
			files = (
			);
			runOnlyForDeploymentPostprocessing = 0;
		};
		173C05472A31C16200D3E786 /* Frameworks */ = {
			isa = PBXFrameworksBuildPhase;
			buildActionMask = 2147483647;
			files = (
			);
			runOnlyForDeploymentPostprocessing = 0;
		};
/* End PBXFrameworksBuildPhase section */

/* Begin PBXGroup section */
		115708012A59BBFE004D31F5 /* Shared */ = {
			isa = PBXGroup;
			children = (
				115708022A59BC10004D31F5 /* CardView.swift */,
				115708102A59CD3D004D31F5 /* TagContainerView.swift */,
				115708142A59CD8F004D31F5 /* TagView.swift */,
			);
			path = Shared;
			sourceTree = "<group>";
		};
		115708042A59C07B004D31F5 /* HomeScreen */ = {
			isa = PBXGroup;
			children = (
				115708062A59C095004D31F5 /* HomeScreenSections */,
				115707FF2A59ADA1004D31F5 /* HomeScreen.swift */,
			);
			path = HomeScreen;
			sourceTree = "<group>";
		};
		115708062A59C095004D31F5 /* HomeScreenSections */ = {
			isa = PBXGroup;
			children = (
				115708082A59C0B7004D31F5 /* GoalView.swift */,
				1157080A2A59C0E0004D31F5 /* FeaturesView.swift */,
				1157080C2A59C112004D31F5 /* SupportedAlgorithmsView.swift */,
				1157080E2A59C16D004D31F5 /* ECGNavigationView.swift */,
				1157081A2A59F0BE004D31F5 /* ECGFoundView.swift */,
				1157081C2A59F121004D31F5 /* ECGNotFoundView.swift */,
			);
			path = HomeScreenSections;
			sourceTree = "<group>";
		};
		1728712E2A37B34000507869 /* ECGDetails */ = {
			isa = PBXGroup;
			children = (
				17BF56632A33479800FF42D5 /* ECGDetailView.swift */,
				17A82BED2A3767F200873DF7 /* AlgorithmSelectionView.swift */,
				1728712A2A37B1E600507869 /* ECGAlgorithmSectionView.swift */,
				1728712C2A37B28C00507869 /* ECGSignalView.swift */,
			);
			path = ECGDetails;
			sourceTree = "<group>";
		};
		1728712F2A37B38E00507869 /* ECGList */ = {
			isa = PBXGroup;
			children = (
				179438D32A31E23200616B9B /* ECGListView.swift */,
				179438D52A31E42400616B9B /* ECGRowView.swift */,
			);
			path = ECGList;
			sourceTree = "<group>";
		};
		173C05272A31C15F00D3E786 = {
			isa = PBXGroup;
			children = (
				173C05322A31C15F00D3E786 /* PeakWatch */,
				173C05432A31C16200D3E786 /* PeakWatchTests */,
				173C054D2A31C16200D3E786 /* PeakWatchUITests */,
				173C05312A31C15F00D3E786 /* Products */,
			);
			sourceTree = "<group>";
		};
		173C05312A31C15F00D3E786 /* Products */ = {
			isa = PBXGroup;
			children = (
				173C05302A31C15F00D3E786 /* PeakWatch.app */,
				173C05402A31C16200D3E786 /* PeakWatchTests.xctest */,
				173C054A2A31C16200D3E786 /* PeakWatchUITests.xctest */,
			);
			name = Products;
			sourceTree = "<group>";
		};
		173C05322A31C15F00D3E786 /* PeakWatch */ = {
			isa = PBXGroup;
			children = (
				50407ECA2A53001400E17921 /* Info.plist */,
				17BF56602A33364000FF42D5 /* ViewModifiers */,
				17BF565D2A3332B400FF42D5 /* Extension */,
				179438E12A32421500616B9B /* Utils */,
				179438DE2A31F45A00616B9B /* Model */,
				179438DD2A31F36800616B9B /* PeakWatch.entitlements */,
				179438D72A31E48300616B9B /* ViewModel */,
				179438D22A31E13900616B9B /* Views */,
				173C05332A31C15F00D3E786 /* PeakWatchApp.swift */,
				173C05352A31C15F00D3E786 /* ContentView.swift */,
				173C05372A31C16100D3E786 /* Assets.xcassets */,
				173C05392A31C16100D3E786 /* Preview Content */,
			);
			path = PeakWatch;
			sourceTree = "<group>";
		};
		173C05392A31C16100D3E786 /* Preview Content */ = {
			isa = PBXGroup;
			children = (
				173C053A2A31C16100D3E786 /* Preview Assets.xcassets */,
			);
			path = "Preview Content";
			sourceTree = "<group>";
		};
		173C05432A31C16200D3E786 /* PeakWatchTests */ = {
			isa = PBXGroup;
			children = (
				173C05442A31C16200D3E786 /* PeakWatchTests.swift */,
			);
			path = PeakWatchTests;
			sourceTree = "<group>";
		};
		173C054D2A31C16200D3E786 /* PeakWatchUITests */ = {
			isa = PBXGroup;
			children = (
				173C054E2A31C16200D3E786 /* PeakWatchUITests.swift */,
				173C05502A31C16200D3E786 /* PeakWatchUITestsLaunchTests.swift */,
			);
			path = PeakWatchUITests;
			sourceTree = "<group>";
		};
		179438D22A31E13900616B9B /* Views */ = {
			isa = PBXGroup;
			children = (
				115708042A59C07B004D31F5 /* HomeScreen */,
				115708012A59BBFE004D31F5 /* Shared */,
				1728712F2A37B38E00507869 /* ECGList */,
				1728712E2A37B34000507869 /* ECGDetails */,
			);
			path = Views;
			sourceTree = "<group>";
		};
		179438D72A31E48300616B9B /* ViewModel */ = {
			isa = PBXGroup;
			children = (
				179438D82A31E4CC00616B9B /* ECGViewModel.swift */,
				17BF56652A334AD600FF42D5 /* VoltageViewModel.swift */,
			);
			path = ViewModel;
			sourceTree = "<group>";
		};
		179438DE2A31F45A00616B9B /* Model */ = {
			isa = PBXGroup;
			children = (
				179438DF2A31F47700616B9B /* ECGSample.swift */,
				17A759422A349282001B5E7D /* VoltageMeasurement.swift */,
				115708122A59CD50004D31F5 /* Tag.swift */,
			);
			path = Model;
			sourceTree = "<group>";
		};
		179438E12A32421500616B9B /* Utils */ = {
			isa = PBXGroup;
			children = (
				179438E22A32422A00616B9B /* DateUtils.swift */,
				115708162A59E700004D31F5 /* TagUtils.swift */,
				115708182A59E7B9004D31F5 /* Constants.swift */,
			);
			path = Utils;
			sourceTree = "<group>";
		};
		17BF565D2A3332B400FF42D5 /* Extension */ = {
			isa = PBXGroup;
			children = (
				17BF565E2A3332E600FF42D5 /* HKClassificationExtension.swift */,
				17A82BEB2A3725BB00873DF7 /* Algorithms.swift */,
			);
			path = Extension;
			sourceTree = "<group>";
		};
		17BF56602A33364000FF42D5 /* ViewModifiers */ = {
			isa = PBXGroup;
			children = (
				17BF56612A3336FD00FF42D5 /* SecondaryInfoListRowViewModifier.swift */,
				172871282A37B0D800507869 /* TagViewModifier.swift */,
			);
			path = ViewModifiers;
			sourceTree = "<group>";
		};
/* End PBXGroup section */

/* Begin PBXNativeTarget section */
		173C052F2A31C15F00D3E786 /* PeakWatch */ = {
			isa = PBXNativeTarget;
			buildConfigurationList = 173C05542A31C16200D3E786 /* Build configuration list for PBXNativeTarget "PeakWatch" */;
			buildPhases = (
				173C052C2A31C15F00D3E786 /* Sources */,
				173C052D2A31C15F00D3E786 /* Frameworks */,
				173C052E2A31C15F00D3E786 /* Resources */,
			);
			buildRules = (
			);
			dependencies = (
			);
			name = PeakWatch;
			packageProductDependencies = (
				17C88C9B2A366DD9007B8A8E /* PeakSwift */,
			);
			productName = PeakWatch;
			productReference = 173C05302A31C15F00D3E786 /* PeakWatch.app */;
			productType = "com.apple.product-type.application";
		};
		173C053F2A31C16200D3E786 /* PeakWatchTests */ = {
			isa = PBXNativeTarget;
			buildConfigurationList = 173C05572A31C16200D3E786 /* Build configuration list for PBXNativeTarget "PeakWatchTests" */;
			buildPhases = (
				173C053C2A31C16200D3E786 /* Sources */,
				173C053D2A31C16200D3E786 /* Frameworks */,
				173C053E2A31C16200D3E786 /* Resources */,
			);
			buildRules = (
			);
			dependencies = (
				173C05422A31C16200D3E786 /* PBXTargetDependency */,
			);
			name = PeakWatchTests;
			productName = PeakWatchTests;
			productReference = 173C05402A31C16200D3E786 /* PeakWatchTests.xctest */;
			productType = "com.apple.product-type.bundle.unit-test";
		};
		173C05492A31C16200D3E786 /* PeakWatchUITests */ = {
			isa = PBXNativeTarget;
			buildConfigurationList = 173C055A2A31C16200D3E786 /* Build configuration list for PBXNativeTarget "PeakWatchUITests" */;
			buildPhases = (
				173C05462A31C16200D3E786 /* Sources */,
				173C05472A31C16200D3E786 /* Frameworks */,
				173C05482A31C16200D3E786 /* Resources */,
			);
			buildRules = (
			);
			dependencies = (
				173C054C2A31C16200D3E786 /* PBXTargetDependency */,
			);
			name = PeakWatchUITests;
			productName = PeakWatchUITests;
			productReference = 173C054A2A31C16200D3E786 /* PeakWatchUITests.xctest */;
			productType = "com.apple.product-type.bundle.ui-testing";
		};
/* End PBXNativeTarget section */

/* Begin PBXProject section */
		173C05282A31C15F00D3E786 /* Project object */ = {
			isa = PBXProject;
			attributes = {
				BuildIndependentTargetsInParallel = 1;
				LastSwiftUpdateCheck = 1420;
				LastUpgradeCheck = 1420;
				TargetAttributes = {
					173C052F2A31C15F00D3E786 = {
						CreatedOnToolsVersion = 14.2;
					};
					173C053F2A31C16200D3E786 = {
						CreatedOnToolsVersion = 14.2;
						TestTargetID = 173C052F2A31C15F00D3E786;
					};
					173C05492A31C16200D3E786 = {
						CreatedOnToolsVersion = 14.2;
						TestTargetID = 173C052F2A31C15F00D3E786;
					};
				};
			};
			buildConfigurationList = 173C052B2A31C15F00D3E786 /* Build configuration list for PBXProject "PeakWatch" */;
			compatibilityVersion = "Xcode 14.0";
			developmentRegion = en;
			hasScannedForEncodings = 0;
			knownRegions = (
				en,
				Base,
			);
			mainGroup = 173C05272A31C15F00D3E786;
			packageReferences = (
				17C88C9A2A366DD9007B8A8E /* XCRemoteSwiftPackageReference "PeakSwift" */,
			);
			productRefGroup = 173C05312A31C15F00D3E786 /* Products */;
			projectDirPath = "";
			projectRoot = "";
			targets = (
				173C052F2A31C15F00D3E786 /* PeakWatch */,
				173C053F2A31C16200D3E786 /* PeakWatchTests */,
				173C05492A31C16200D3E786 /* PeakWatchUITests */,
			);
		};
/* End PBXProject section */

/* Begin PBXResourcesBuildPhase section */
		173C052E2A31C15F00D3E786 /* Resources */ = {
			isa = PBXResourcesBuildPhase;
			buildActionMask = 2147483647;
			files = (
				173C053B2A31C16100D3E786 /* Preview Assets.xcassets in Resources */,
				173C05382A31C16100D3E786 /* Assets.xcassets in Resources */,
			);
			runOnlyForDeploymentPostprocessing = 0;
		};
		173C053E2A31C16200D3E786 /* Resources */ = {
			isa = PBXResourcesBuildPhase;
			buildActionMask = 2147483647;
			files = (
			);
			runOnlyForDeploymentPostprocessing = 0;
		};
		173C05482A31C16200D3E786 /* Resources */ = {
			isa = PBXResourcesBuildPhase;
			buildActionMask = 2147483647;
			files = (
			);
			runOnlyForDeploymentPostprocessing = 0;
		};
/* End PBXResourcesBuildPhase section */

/* Begin PBXSourcesBuildPhase section */
		173C052C2A31C15F00D3E786 /* Sources */ = {
			isa = PBXSourcesBuildPhase;
			buildActionMask = 2147483647;
			files = (
				173C05362A31C15F00D3E786 /* ContentView.swift in Sources */,
				179438E32A32422A00616B9B /* DateUtils.swift in Sources */,
				179438D62A31E42400616B9B /* ECGRowView.swift in Sources */,
				17A82BEC2A3725BB00873DF7 /* Algorithms.swift in Sources */,
				179438D42A31E23200616B9B /* ECGListView.swift in Sources */,
				17A82BEE2A3767F200873DF7 /* AlgorithmSelectionView.swift in Sources */,
				173C05342A31C15F00D3E786 /* PeakWatchApp.swift in Sources */,
				115708132A59CD50004D31F5 /* Tag.swift in Sources */,
				1157080F2A59C16D004D31F5 /* ECGNavigationView.swift in Sources */,
				115708092A59C0B7004D31F5 /* GoalView.swift in Sources */,
				115708032A59BC10004D31F5 /* CardView.swift in Sources */,
				115708192A59E7B9004D31F5 /* Constants.swift in Sources */,
				1157081B2A59F0BE004D31F5 /* ECGFoundView.swift in Sources */,
				17BF56642A33479800FF42D5 /* ECGDetailView.swift in Sources */,
				115708112A59CD3D004D31F5 /* TagContainerView.swift in Sources */,
				17BF56662A334AD600FF42D5 /* VoltageViewModel.swift in Sources */,
				17BF56622A3336FD00FF42D5 /* SecondaryInfoListRowViewModifier.swift in Sources */,
				179438E02A31F47700616B9B /* ECGSample.swift in Sources */,
				1157080D2A59C112004D31F5 /* SupportedAlgorithmsView.swift in Sources */,
				17BF565F2A3332E600FF42D5 /* HKClassificationExtension.swift in Sources */,
				1728712D2A37B28C00507869 /* ECGSignalView.swift in Sources */,
				115708152A59CD8F004D31F5 /* TagView.swift in Sources */,
				172871292A37B0D800507869 /* TagViewModifier.swift in Sources */,
				115708002A59ADA1004D31F5 /* HomeScreen.swift in Sources */,
				179438D92A31E4CC00616B9B /* ECGViewModel.swift in Sources */,
				115708172A59E700004D31F5 /* TagUtils.swift in Sources */,
				1728712B2A37B1E600507869 /* ECGAlgorithmSectionView.swift in Sources */,
				1157081D2A59F121004D31F5 /* ECGNotFoundView.swift in Sources */,
				17A759432A349282001B5E7D /* VoltageMeasurement.swift in Sources */,
				1157080B2A59C0E0004D31F5 /* FeaturesView.swift in Sources */,
			);
			runOnlyForDeploymentPostprocessing = 0;
		};
		173C053C2A31C16200D3E786 /* Sources */ = {
			isa = PBXSourcesBuildPhase;
			buildActionMask = 2147483647;
			files = (
				173C05452A31C16200D3E786 /* PeakWatchTests.swift in Sources */,
			);
			runOnlyForDeploymentPostprocessing = 0;
		};
		173C05462A31C16200D3E786 /* Sources */ = {
			isa = PBXSourcesBuildPhase;
			buildActionMask = 2147483647;
			files = (
				173C054F2A31C16200D3E786 /* PeakWatchUITests.swift in Sources */,
				173C05512A31C16200D3E786 /* PeakWatchUITestsLaunchTests.swift in Sources */,
			);
			runOnlyForDeploymentPostprocessing = 0;
		};
/* End PBXSourcesBuildPhase section */

/* Begin PBXTargetDependency section */
		173C05422A31C16200D3E786 /* PBXTargetDependency */ = {
			isa = PBXTargetDependency;
			target = 173C052F2A31C15F00D3E786 /* PeakWatch */;
			targetProxy = 173C05412A31C16200D3E786 /* PBXContainerItemProxy */;
		};
		173C054C2A31C16200D3E786 /* PBXTargetDependency */ = {
			isa = PBXTargetDependency;
			target = 173C052F2A31C15F00D3E786 /* PeakWatch */;
			targetProxy = 173C054B2A31C16200D3E786 /* PBXContainerItemProxy */;
		};
/* End PBXTargetDependency section */

/* Begin XCBuildConfiguration section */
		173C05522A31C16200D3E786 /* Debug */ = {
			isa = XCBuildConfiguration;
			buildSettings = {
				ALWAYS_SEARCH_USER_PATHS = NO;
				CLANG_ANALYZER_NONNULL = YES;
				CLANG_ANALYZER_NUMBER_OBJECT_CONVERSION = YES_AGGRESSIVE;
				CLANG_CXX_LANGUAGE_STANDARD = "gnu++20";
				CLANG_ENABLE_MODULES = YES;
				CLANG_ENABLE_OBJC_ARC = YES;
				CLANG_ENABLE_OBJC_WEAK = YES;
				CLANG_WARN_BLOCK_CAPTURE_AUTORELEASING = YES;
				CLANG_WARN_BOOL_CONVERSION = YES;
				CLANG_WARN_COMMA = YES;
				CLANG_WARN_CONSTANT_CONVERSION = YES;
				CLANG_WARN_DEPRECATED_OBJC_IMPLEMENTATIONS = YES;
				CLANG_WARN_DIRECT_OBJC_ISA_USAGE = YES_ERROR;
				CLANG_WARN_DOCUMENTATION_COMMENTS = YES;
				CLANG_WARN_EMPTY_BODY = YES;
				CLANG_WARN_ENUM_CONVERSION = YES;
				CLANG_WARN_INFINITE_RECURSION = YES;
				CLANG_WARN_INT_CONVERSION = YES;
				CLANG_WARN_NON_LITERAL_NULL_CONVERSION = YES;
				CLANG_WARN_OBJC_IMPLICIT_RETAIN_SELF = YES;
				CLANG_WARN_OBJC_LITERAL_CONVERSION = YES;
				CLANG_WARN_OBJC_ROOT_CLASS = YES_ERROR;
				CLANG_WARN_QUOTED_INCLUDE_IN_FRAMEWORK_HEADER = YES;
				CLANG_WARN_RANGE_LOOP_ANALYSIS = YES;
				CLANG_WARN_STRICT_PROTOTYPES = YES;
				CLANG_WARN_SUSPICIOUS_MOVE = YES;
				CLANG_WARN_UNGUARDED_AVAILABILITY = YES_AGGRESSIVE;
				CLANG_WARN_UNREACHABLE_CODE = YES;
				CLANG_WARN__DUPLICATE_METHOD_MATCH = YES;
				COPY_PHASE_STRIP = NO;
				DEBUG_INFORMATION_FORMAT = dwarf;
				ENABLE_STRICT_OBJC_MSGSEND = YES;
				ENABLE_TESTABILITY = YES;
				GCC_C_LANGUAGE_STANDARD = gnu11;
				GCC_DYNAMIC_NO_PIC = NO;
				GCC_NO_COMMON_BLOCKS = YES;
				GCC_OPTIMIZATION_LEVEL = 0;
				GCC_PREPROCESSOR_DEFINITIONS = (
					"DEBUG=1",
					"$(inherited)",
				);
				GCC_WARN_64_TO_32_BIT_CONVERSION = YES;
				GCC_WARN_ABOUT_RETURN_TYPE = YES_ERROR;
				GCC_WARN_UNDECLARED_SELECTOR = YES;
				GCC_WARN_UNINITIALIZED_AUTOS = YES_AGGRESSIVE;
				GCC_WARN_UNUSED_FUNCTION = YES;
				GCC_WARN_UNUSED_VARIABLE = YES;
				IPHONEOS_DEPLOYMENT_TARGET = 16.2;
				MTL_ENABLE_DEBUG_INFO = INCLUDE_SOURCE;
				MTL_FAST_MATH = YES;
				ONLY_ACTIVE_ARCH = YES;
				SDKROOT = iphoneos;
				SWIFT_ACTIVE_COMPILATION_CONDITIONS = DEBUG;
				SWIFT_OPTIMIZATION_LEVEL = "-Onone";
			};
			name = Debug;
		};
		173C05532A31C16200D3E786 /* Release */ = {
			isa = XCBuildConfiguration;
			buildSettings = {
				ALWAYS_SEARCH_USER_PATHS = NO;
				CLANG_ANALYZER_NONNULL = YES;
				CLANG_ANALYZER_NUMBER_OBJECT_CONVERSION = YES_AGGRESSIVE;
				CLANG_CXX_LANGUAGE_STANDARD = "gnu++20";
				CLANG_ENABLE_MODULES = YES;
				CLANG_ENABLE_OBJC_ARC = YES;
				CLANG_ENABLE_OBJC_WEAK = YES;
				CLANG_WARN_BLOCK_CAPTURE_AUTORELEASING = YES;
				CLANG_WARN_BOOL_CONVERSION = YES;
				CLANG_WARN_COMMA = YES;
				CLANG_WARN_CONSTANT_CONVERSION = YES;
				CLANG_WARN_DEPRECATED_OBJC_IMPLEMENTATIONS = YES;
				CLANG_WARN_DIRECT_OBJC_ISA_USAGE = YES_ERROR;
				CLANG_WARN_DOCUMENTATION_COMMENTS = YES;
				CLANG_WARN_EMPTY_BODY = YES;
				CLANG_WARN_ENUM_CONVERSION = YES;
				CLANG_WARN_INFINITE_RECURSION = YES;
				CLANG_WARN_INT_CONVERSION = YES;
				CLANG_WARN_NON_LITERAL_NULL_CONVERSION = YES;
				CLANG_WARN_OBJC_IMPLICIT_RETAIN_SELF = YES;
				CLANG_WARN_OBJC_LITERAL_CONVERSION = YES;
				CLANG_WARN_OBJC_ROOT_CLASS = YES_ERROR;
				CLANG_WARN_QUOTED_INCLUDE_IN_FRAMEWORK_HEADER = YES;
				CLANG_WARN_RANGE_LOOP_ANALYSIS = YES;
				CLANG_WARN_STRICT_PROTOTYPES = YES;
				CLANG_WARN_SUSPICIOUS_MOVE = YES;
				CLANG_WARN_UNGUARDED_AVAILABILITY = YES_AGGRESSIVE;
				CLANG_WARN_UNREACHABLE_CODE = YES;
				CLANG_WARN__DUPLICATE_METHOD_MATCH = YES;
				COPY_PHASE_STRIP = NO;
				DEBUG_INFORMATION_FORMAT = "dwarf-with-dsym";
				ENABLE_NS_ASSERTIONS = NO;
				ENABLE_STRICT_OBJC_MSGSEND = YES;
				GCC_C_LANGUAGE_STANDARD = gnu11;
				GCC_NO_COMMON_BLOCKS = YES;
				GCC_WARN_64_TO_32_BIT_CONVERSION = YES;
				GCC_WARN_ABOUT_RETURN_TYPE = YES_ERROR;
				GCC_WARN_UNDECLARED_SELECTOR = YES;
				GCC_WARN_UNINITIALIZED_AUTOS = YES_AGGRESSIVE;
				GCC_WARN_UNUSED_FUNCTION = YES;
				GCC_WARN_UNUSED_VARIABLE = YES;
				IPHONEOS_DEPLOYMENT_TARGET = 16.2;
				MTL_ENABLE_DEBUG_INFO = NO;
				MTL_FAST_MATH = YES;
				SDKROOT = iphoneos;
				SWIFT_COMPILATION_MODE = wholemodule;
				SWIFT_OPTIMIZATION_LEVEL = "-O";
				VALIDATE_PRODUCT = YES;
			};
			name = Release;
		};
		173C05552A31C16200D3E786 /* Debug */ = {
			isa = XCBuildConfiguration;
			buildSettings = {
				ASSETCATALOG_COMPILER_APPICON_NAME = AppIcon;
				ASSETCATALOG_COMPILER_GLOBAL_ACCENT_COLOR_NAME = AccentColor;
				CODE_SIGN_ENTITLEMENTS = PeakWatch/PeakWatch.entitlements;
				CODE_SIGN_STYLE = Automatic;
				CURRENT_PROJECT_VERSION = 1;
				DEVELOPMENT_ASSET_PATHS = "\"PeakWatch/Preview Content\"";
				DEVELOPMENT_TEAM = UJYRLZA762;
				ENABLE_PREVIEWS = YES;
				GENERATE_INFOPLIST_FILE = YES;
				INFOPLIST_FILE = PeakWatch/Info.plist;
				INFOPLIST_KEY_NSHealthShareUsageDescription = "The application would like to get access to your ECG information.";
				INFOPLIST_KEY_NSHealthUpdateUsageDescription = "PeakWatch requires access to your health database to load and analyse ECG data. New recordings are loaded on behalf of the application that needs this permission.";
				INFOPLIST_KEY_UIApplicationSceneManifest_Generation = YES;
				INFOPLIST_KEY_UIApplicationSupportsIndirectInputEvents = YES;
				INFOPLIST_KEY_UILaunchScreen_Generation = YES;
				INFOPLIST_KEY_UISupportedInterfaceOrientations_iPad = "UIInterfaceOrientationPortrait UIInterfaceOrientationPortraitUpsideDown UIInterfaceOrientationLandscapeLeft UIInterfaceOrientationLandscapeRight";
				INFOPLIST_KEY_UISupportedInterfaceOrientations_iPhone = "UIInterfaceOrientationPortrait UIInterfaceOrientationLandscapeLeft UIInterfaceOrientationLandscapeRight";
				LD_RUNPATH_SEARCH_PATHS = (
					"$(inherited)",
					"@executable_path/Frameworks",
				);
				MARKETING_VERSION = 1.0;
				PRODUCT_BUNDLE_IDENTIFIER = charushnikov.de.PeakWatch;
				PRODUCT_NAME = "$(TARGET_NAME)";
				SWIFT_EMIT_LOC_STRINGS = YES;
				SWIFT_VERSION = 5.0;
				TARGETED_DEVICE_FAMILY = "1,2";
			};
			name = Debug;
		};
		173C05562A31C16200D3E786 /* Release */ = {
			isa = XCBuildConfiguration;
			buildSettings = {
				ASSETCATALOG_COMPILER_APPICON_NAME = AppIcon;
				ASSETCATALOG_COMPILER_GLOBAL_ACCENT_COLOR_NAME = AccentColor;
				CODE_SIGN_ENTITLEMENTS = PeakWatch/PeakWatch.entitlements;
				CODE_SIGN_STYLE = Automatic;
				CURRENT_PROJECT_VERSION = 1;
				DEVELOPMENT_ASSET_PATHS = "\"PeakWatch/Preview Content\"";
				DEVELOPMENT_TEAM = UJYRLZA762;
				ENABLE_PREVIEWS = YES;
				GENERATE_INFOPLIST_FILE = YES;
				INFOPLIST_FILE = PeakWatch/Info.plist;
				INFOPLIST_KEY_NSHealthShareUsageDescription = "The application would like to get access to your ECG information.";
				INFOPLIST_KEY_NSHealthUpdateUsageDescription = "PeakWatch requires access to your health database to load and analyse ECG data. New recordings are loaded on behalf of the application that needs this permission.";
				INFOPLIST_KEY_UIApplicationSceneManifest_Generation = YES;
				INFOPLIST_KEY_UIApplicationSupportsIndirectInputEvents = YES;
				INFOPLIST_KEY_UILaunchScreen_Generation = YES;
				INFOPLIST_KEY_UISupportedInterfaceOrientations_iPad = "UIInterfaceOrientationPortrait UIInterfaceOrientationPortraitUpsideDown UIInterfaceOrientationLandscapeLeft UIInterfaceOrientationLandscapeRight";
				INFOPLIST_KEY_UISupportedInterfaceOrientations_iPhone = "UIInterfaceOrientationPortrait UIInterfaceOrientationLandscapeLeft UIInterfaceOrientationLandscapeRight";
				LD_RUNPATH_SEARCH_PATHS = (
					"$(inherited)",
					"@executable_path/Frameworks",
				);
				MARKETING_VERSION = 1.0;
				PRODUCT_BUNDLE_IDENTIFIER = charushnikov.de.PeakWatch;
				PRODUCT_NAME = "$(TARGET_NAME)";
				SWIFT_EMIT_LOC_STRINGS = YES;
				SWIFT_VERSION = 5.0;
				TARGETED_DEVICE_FAMILY = "1,2";
			};
			name = Release;
		};
		173C05582A31C16200D3E786 /* Debug */ = {
			isa = XCBuildConfiguration;
			buildSettings = {
				ALWAYS_EMBED_SWIFT_STANDARD_LIBRARIES = YES;
				BUNDLE_LOADER = "$(TEST_HOST)";
				CODE_SIGN_STYLE = Automatic;
				CURRENT_PROJECT_VERSION = 1;
				DEVELOPMENT_TEAM = UJYRLZA762;
				GENERATE_INFOPLIST_FILE = YES;
				IPHONEOS_DEPLOYMENT_TARGET = 16.2;
				MARKETING_VERSION = 1.0;
				PRODUCT_BUNDLE_IDENTIFIER = charushnikov.de.PeakWatchTests;
				PRODUCT_NAME = "$(TARGET_NAME)";
				SWIFT_EMIT_LOC_STRINGS = NO;
				SWIFT_VERSION = 5.0;
				TARGETED_DEVICE_FAMILY = "1,2";
				TEST_HOST = "$(BUILT_PRODUCTS_DIR)/PeakWatch.app/$(BUNDLE_EXECUTABLE_FOLDER_PATH)/PeakWatch";
			};
			name = Debug;
		};
		173C05592A31C16200D3E786 /* Release */ = {
			isa = XCBuildConfiguration;
			buildSettings = {
				ALWAYS_EMBED_SWIFT_STANDARD_LIBRARIES = YES;
				BUNDLE_LOADER = "$(TEST_HOST)";
				CODE_SIGN_STYLE = Automatic;
				CURRENT_PROJECT_VERSION = 1;
				DEVELOPMENT_TEAM = UJYRLZA762;
				GENERATE_INFOPLIST_FILE = YES;
				IPHONEOS_DEPLOYMENT_TARGET = 16.2;
				MARKETING_VERSION = 1.0;
				PRODUCT_BUNDLE_IDENTIFIER = charushnikov.de.PeakWatchTests;
				PRODUCT_NAME = "$(TARGET_NAME)";
				SWIFT_EMIT_LOC_STRINGS = NO;
				SWIFT_VERSION = 5.0;
				TARGETED_DEVICE_FAMILY = "1,2";
				TEST_HOST = "$(BUILT_PRODUCTS_DIR)/PeakWatch.app/$(BUNDLE_EXECUTABLE_FOLDER_PATH)/PeakWatch";
			};
			name = Release;
		};
		173C055B2A31C16200D3E786 /* Debug */ = {
			isa = XCBuildConfiguration;
			buildSettings = {
				ALWAYS_EMBED_SWIFT_STANDARD_LIBRARIES = YES;
				CODE_SIGN_STYLE = Automatic;
				CURRENT_PROJECT_VERSION = 1;
				DEVELOPMENT_TEAM = UJYRLZA762;
				GENERATE_INFOPLIST_FILE = YES;
				MARKETING_VERSION = 1.0;
				PRODUCT_BUNDLE_IDENTIFIER = charushnikov.de.PeakWatchUITests;
				PRODUCT_NAME = "$(TARGET_NAME)";
				SWIFT_EMIT_LOC_STRINGS = NO;
				SWIFT_VERSION = 5.0;
				TARGETED_DEVICE_FAMILY = "1,2";
				TEST_TARGET_NAME = PeakWatch;
			};
			name = Debug;
		};
		173C055C2A31C16200D3E786 /* Release */ = {
			isa = XCBuildConfiguration;
			buildSettings = {
				ALWAYS_EMBED_SWIFT_STANDARD_LIBRARIES = YES;
				CODE_SIGN_STYLE = Automatic;
				CURRENT_PROJECT_VERSION = 1;
				DEVELOPMENT_TEAM = UJYRLZA762;
				GENERATE_INFOPLIST_FILE = YES;
				MARKETING_VERSION = 1.0;
				PRODUCT_BUNDLE_IDENTIFIER = charushnikov.de.PeakWatchUITests;
				PRODUCT_NAME = "$(TARGET_NAME)";
				SWIFT_EMIT_LOC_STRINGS = NO;
				SWIFT_VERSION = 5.0;
				TARGETED_DEVICE_FAMILY = "1,2";
				TEST_TARGET_NAME = PeakWatch;
			};
			name = Release;
		};
/* End XCBuildConfiguration section */

/* Begin XCConfigurationList section */
		173C052B2A31C15F00D3E786 /* Build configuration list for PBXProject "PeakWatch" */ = {
			isa = XCConfigurationList;
			buildConfigurations = (
				173C05522A31C16200D3E786 /* Debug */,
				173C05532A31C16200D3E786 /* Release */,
			);
			defaultConfigurationIsVisible = 0;
			defaultConfigurationName = Release;
		};
		173C05542A31C16200D3E786 /* Build configuration list for PBXNativeTarget "PeakWatch" */ = {
			isa = XCConfigurationList;
			buildConfigurations = (
				173C05552A31C16200D3E786 /* Debug */,
				173C05562A31C16200D3E786 /* Release */,
			);
			defaultConfigurationIsVisible = 0;
			defaultConfigurationName = Release;
		};
		173C05572A31C16200D3E786 /* Build configuration list for PBXNativeTarget "PeakWatchTests" */ = {
			isa = XCConfigurationList;
			buildConfigurations = (
				173C05582A31C16200D3E786 /* Debug */,
				173C05592A31C16200D3E786 /* Release */,
			);
			defaultConfigurationIsVisible = 0;
			defaultConfigurationName = Release;
		};
		173C055A2A31C16200D3E786 /* Build configuration list for PBXNativeTarget "PeakWatchUITests" */ = {
			isa = XCConfigurationList;
			buildConfigurations = (
				173C055B2A31C16200D3E786 /* Debug */,
				173C055C2A31C16200D3E786 /* Release */,
			);
			defaultConfigurationIsVisible = 0;
			defaultConfigurationName = Release;
		};
/* End XCConfigurationList section */

/* Begin XCRemoteSwiftPackageReference section */
		17C88C9A2A366DD9007B8A8E /* XCRemoteSwiftPackageReference "PeakSwift" */ = {
			isa = XCRemoteSwiftPackageReference;
			repositoryURL = "https://github.com/CardioKit/PeakSwift";
			requirement = {
				branch = main;
				kind = branch;
			};
		};
/* End XCRemoteSwiftPackageReference section */

/* Begin XCSwiftPackageProductDependency section */
		17C88C9B2A366DD9007B8A8E /* PeakSwift */ = {
			isa = XCSwiftPackageProductDependency;
			package = 17C88C9A2A366DD9007B8A8E /* XCRemoteSwiftPackageReference "PeakSwift" */;
			productName = PeakSwift;
		};
/* End XCSwiftPackageProductDependency section */
	};
	rootObject = 173C05282A31C15F00D3E786 /* Project object */;
}
