{
  "pins" : [
    {
      "identity" : "peakswift",
      "kind" : "remoteSourceControl",
      "location" : "https://github.com/CardioKit/PeakSwift",
      "state" : {
        "branch" : "feature/butterworth-filter",
        "revision" : "ef0aed4f107745857d23393c1412080cfccd3167"
      }
    }
  ],
  "version" : 2
}
