{
  "pins" : [
    {
      "identity" : "peakswift",
      "kind" : "remoteSourceControl",
      "location" : "https://github.com/CardioKit/PeakSwift",
      "state" : {
        "branch" : "feature/butterworth-filter",
        "revision" : "c64d8d05ce5e92421f4159cbc3a0c59beabb696d"
      }
    }
  ],
  "version" : 2
}
